// !$*UTF8*$!
{
	archiveVersion = 1;
	classes = {
	};
	objectVersion = 46;
	objects = {

/* Begin PBXBuildFile section */
		8402047E1FBCE77900D94C1A /* BatchUpdate.swift in Sources */ = {isa = PBXBuildFile; fileRef = 8402047D1FBCE77900D94C1A /* BatchUpdate.swift */; };
		8402047F1FBCE77900D94C1A /* BatchUpdate.swift in Sources */ = {isa = PBXBuildFile; fileRef = 8402047D1FBCE77900D94C1A /* BatchUpdate.swift */; };
		84134D1F1C59D5450063FD24 /* NSCalendar+RSCore.h in Headers */ = {isa = PBXBuildFile; fileRef = 84134D1D1C59D5450063FD24 /* NSCalendar+RSCore.h */; settings = {ATTRIBUTES = (Public, ); }; };
		84134D201C59D5450063FD24 /* NSCalendar+RSCore.m in Sources */ = {isa = PBXBuildFile; fileRef = 84134D1E1C59D5450063FD24 /* NSCalendar+RSCore.m */; };
		8414CBA71C95F2EA00333C12 /* Set+Extensions.swift in Sources */ = {isa = PBXBuildFile; fileRef = 8414CBA61C95F2EA00333C12 /* Set+Extensions.swift */; };
		8414CBAB1C95F8F700333C12 /* RSGeometry.h in Headers */ = {isa = PBXBuildFile; fileRef = 8414CBA91C95F8F700333C12 /* RSGeometry.h */; settings = {ATTRIBUTES = (Public, ); }; };
		8414CBAC1C95F8F700333C12 /* RSGeometry.m in Sources */ = {isa = PBXBuildFile; fileRef = 8414CBAA1C95F8F700333C12 /* RSGeometry.m */; };
		8415CB8A1BF84D24007B1E98 /* NSEvent+RSCore.h in Headers */ = {isa = PBXBuildFile; fileRef = 8415CB881BF84D24007B1E98 /* NSEvent+RSCore.h */; settings = {ATTRIBUTES = (Public, ); }; };
		8415CB8B1BF84D24007B1E98 /* NSEvent+RSCore.m in Sources */ = {isa = PBXBuildFile; fileRef = 8415CB891BF84D24007B1E98 /* NSEvent+RSCore.m */; };
		8417FE021AC67D430048E9B7 /* RSOpaqueContainerView.h in Headers */ = {isa = PBXBuildFile; fileRef = 8417FE001AC67D430048E9B7 /* RSOpaqueContainerView.h */; settings = {ATTRIBUTES = (Public, ); }; };
		8417FE031AC67D430048E9B7 /* RSOpaqueContainerView.m in Sources */ = {isa = PBXBuildFile; fileRef = 8417FE011AC67D430048E9B7 /* RSOpaqueContainerView.m */; };
		842635571D7FA1C800196285 /* NSTableView+Extensions.swift in Sources */ = {isa = PBXBuildFile; fileRef = 842635561D7FA1C800196285 /* NSTableView+Extensions.swift */; };
		842635591D7FA24800196285 /* NSOutlineView+Extensions.swift in Sources */ = {isa = PBXBuildFile; fileRef = 842635581D7FA24800196285 /* NSOutlineView+Extensions.swift */; };
		842DD7C41E14995000E061EB /* RSCore.h in Headers */ = {isa = PBXBuildFile; fileRef = 84CFF4F91AC3C69700CEA6C8 /* RSCore.h */; settings = {ATTRIBUTES = (Public, ); }; };
		842DD7C51E14995C00E061EB /* RSBlocks.h in Headers */ = {isa = PBXBuildFile; fileRef = 84CFF5101AC3C6D800CEA6C8 /* RSBlocks.h */; settings = {ATTRIBUTES = (Public, ); }; };
		842DD7C61E14995C00E061EB /* RSBlocks.m in Sources */ = {isa = PBXBuildFile; fileRef = 84CFF5111AC3C6D800CEA6C8 /* RSBlocks.m */; };
		842DD7C71E14995C00E061EB /* RSConstants.h in Headers */ = {isa = PBXBuildFile; fileRef = 84CFF5141AC3C73000CEA6C8 /* RSConstants.h */; settings = {ATTRIBUTES = (Public, ); }; };
		842DD7C81E14995C00E061EB /* RSConstants.m in Sources */ = {isa = PBXBuildFile; fileRef = 84CFF5151AC3C73000CEA6C8 /* RSConstants.m */; };
		842DD7C91E14995C00E061EB /* RSPlatform.h in Headers */ = {isa = PBXBuildFile; fileRef = 84CFF5181AC3C77500CEA6C8 /* RSPlatform.h */; settings = {ATTRIBUTES = (Public, ); }; };
		842DD7CA1E14995C00E061EB /* RSPlatform.m in Sources */ = {isa = PBXBuildFile; fileRef = 84CFF5191AC3C77500CEA6C8 /* RSPlatform.m */; };
		842DD7CD1E14995C00E061EB /* RSPlist.h in Headers */ = {isa = PBXBuildFile; fileRef = 844C91591B65753E0051FC1B /* RSPlist.h */; settings = {ATTRIBUTES = (Public, ); }; };
		842DD7CE1E14995C00E061EB /* RSPlist.m in Sources */ = {isa = PBXBuildFile; fileRef = 844C915A1B65753E0051FC1B /* RSPlist.m */; };
		842DD7CF1E14995C00E061EB /* RSMacroProcessor.h in Headers */ = {isa = PBXBuildFile; fileRef = 8453F7DC1BDF337800B1C8ED /* RSMacroProcessor.h */; settings = {ATTRIBUTES = (Public, ); }; };
		842DD7D01E14995C00E061EB /* RSMacroProcessor.m in Sources */ = {isa = PBXBuildFile; fileRef = 8453F7DD1BDF337800B1C8ED /* RSMacroProcessor.m */; };
		842DD7D51E14995C00E061EB /* PlistProviderProtocol.swift in Sources */ = {isa = PBXBuildFile; fileRef = 84A835891D4EC7B80004C598 /* PlistProviderProtocol.swift */; };
		842DD7D61E14996300E061EB /* NSArray+RSCore.h in Headers */ = {isa = PBXBuildFile; fileRef = 84CFF5251AC3C9A200CEA6C8 /* NSArray+RSCore.h */; settings = {ATTRIBUTES = (Public, ); }; };
		842DD7D71E14996300E061EB /* NSArray+RSCore.m in Sources */ = {isa = PBXBuildFile; fileRef = 84CFF5261AC3C9A200CEA6C8 /* NSArray+RSCore.m */; };
		842DD7D81E14996300E061EB /* NSCalendar+RSCore.h in Headers */ = {isa = PBXBuildFile; fileRef = 84134D1D1C59D5450063FD24 /* NSCalendar+RSCore.h */; settings = {ATTRIBUTES = (Public, ); }; };
		842DD7D91E14996300E061EB /* NSCalendar+RSCore.m in Sources */ = {isa = PBXBuildFile; fileRef = 84134D1E1C59D5450063FD24 /* NSCalendar+RSCore.m */; };
		842DD7DA1E14996300E061EB /* NSData+RSCore.h in Headers */ = {isa = PBXBuildFile; fileRef = 84CFF5291AC3CA9700CEA6C8 /* NSData+RSCore.h */; settings = {ATTRIBUTES = (Public, ); }; };
		842DD7DB1E14996300E061EB /* NSData+RSCore.m in Sources */ = {isa = PBXBuildFile; fileRef = 84CFF52A1AC3CA9700CEA6C8 /* NSData+RSCore.m */; };
		842DD7DC1E14996300E061EB /* NSDate+RSCore.h in Headers */ = {isa = PBXBuildFile; fileRef = 84CFF52D1AC3CB1900CEA6C8 /* NSDate+RSCore.h */; settings = {ATTRIBUTES = (Public, ); }; };
		842DD7DD1E14996300E061EB /* NSDate+RSCore.m in Sources */ = {isa = PBXBuildFile; fileRef = 84CFF52E1AC3CB1900CEA6C8 /* NSDate+RSCore.m */; };
		842DD7DE1E14996300E061EB /* NSDictionary+RSCore.h in Headers */ = {isa = PBXBuildFile; fileRef = 84CFF5311AC3CB6800CEA6C8 /* NSDictionary+RSCore.h */; settings = {ATTRIBUTES = (Public, ); }; };
		842DD7DF1E14996300E061EB /* NSDictionary+RSCore.m in Sources */ = {isa = PBXBuildFile; fileRef = 84CFF5321AC3CB6800CEA6C8 /* NSDictionary+RSCore.m */; };
		842DD7E01E14996300E061EB /* NSFileManager+RSCore.h in Headers */ = {isa = PBXBuildFile; fileRef = 84536F641BB856D4001E1639 /* NSFileManager+RSCore.h */; settings = {ATTRIBUTES = (Public, ); }; };
		842DD7E11E14996300E061EB /* NSFileManager+RSCore.m in Sources */ = {isa = PBXBuildFile; fileRef = 84536F651BB856D4001E1639 /* NSFileManager+RSCore.m */; };
		842DD7E21E14996300E061EB /* NSMutableArray+RSCore.h in Headers */ = {isa = PBXBuildFile; fileRef = 84CFF5351AC3CBB200CEA6C8 /* NSMutableArray+RSCore.h */; settings = {ATTRIBUTES = (Public, ); }; };
		842DD7E31E14996300E061EB /* NSMutableArray+RSCore.m in Sources */ = {isa = PBXBuildFile; fileRef = 84CFF5361AC3CBB200CEA6C8 /* NSMutableArray+RSCore.m */; };
		842DD7E41E14996300E061EB /* NSMutableDictionary+RSCore.h in Headers */ = {isa = PBXBuildFile; fileRef = 84CFF5391AC3CCCA00CEA6C8 /* NSMutableDictionary+RSCore.h */; settings = {ATTRIBUTES = (Public, ); }; };
		842DD7E51E14996300E061EB /* NSMutableDictionary+RSCore.m in Sources */ = {isa = PBXBuildFile; fileRef = 84CFF53A1AC3CCCA00CEA6C8 /* NSMutableDictionary+RSCore.m */; };
		842DD7E61E14996300E061EB /* NSMutableSet+RSCore.h in Headers */ = {isa = PBXBuildFile; fileRef = 84CFF53D1AC3CD0100CEA6C8 /* NSMutableSet+RSCore.h */; settings = {ATTRIBUTES = (Public, ); }; };
		842DD7E71E14996300E061EB /* NSMutableSet+RSCore.m in Sources */ = {isa = PBXBuildFile; fileRef = 84CFF53E1AC3CD0100CEA6C8 /* NSMutableSet+RSCore.m */; };
		842DD7E81E14996300E061EB /* NSNotificationCenter+RSCore.h in Headers */ = {isa = PBXBuildFile; fileRef = 84CFF5411AC3CD3500CEA6C8 /* NSNotificationCenter+RSCore.h */; settings = {ATTRIBUTES = (Public, ); }; };
		842DD7E91E14996300E061EB /* NSNotificationCenter+RSCore.m in Sources */ = {isa = PBXBuildFile; fileRef = 84CFF5421AC3CD3500CEA6C8 /* NSNotificationCenter+RSCore.m */; };
		842DD7EA1E14996300E061EB /* NSObject+RSCore.h in Headers */ = {isa = PBXBuildFile; fileRef = 84CFF5201AC3C89D00CEA6C8 /* NSObject+RSCore.h */; settings = {ATTRIBUTES = (Public, ); }; };
		842DD7EB1E14996300E061EB /* NSObject+RSCore.m in Sources */ = {isa = PBXBuildFile; fileRef = 84CFF5211AC3C89D00CEA6C8 /* NSObject+RSCore.m */; };
		842DD7EC1E14996300E061EB /* NSSet+RSCore.h in Headers */ = {isa = PBXBuildFile; fileRef = 845DE0F11B80477100D1571B /* NSSet+RSCore.h */; settings = {ATTRIBUTES = (Public, ); }; };
		842DD7ED1E14996300E061EB /* NSSet+RSCore.m in Sources */ = {isa = PBXBuildFile; fileRef = 845DE0F21B80477100D1571B /* NSSet+RSCore.m */; };
		842DD7EE1E14996300E061EB /* NSString+RSCore.h in Headers */ = {isa = PBXBuildFile; fileRef = 84CFF5491AC3CDAC00CEA6C8 /* NSString+RSCore.h */; settings = {ATTRIBUTES = (Public, ); }; };
		842DD7EF1E14996300E061EB /* NSString+RSCore.m in Sources */ = {isa = PBXBuildFile; fileRef = 84CFF54A1AC3CDAC00CEA6C8 /* NSString+RSCore.m */; };
		842DD7F01E14996300E061EB /* NSTimer+RSCore.h in Headers */ = {isa = PBXBuildFile; fileRef = 84CFF5451AC3CD8000CEA6C8 /* NSTimer+RSCore.h */; settings = {ATTRIBUTES = (Public, ); }; };
		842DD7F11E14996300E061EB /* NSTimer+RSCore.m in Sources */ = {isa = PBXBuildFile; fileRef = 84CFF5461AC3CD8000CEA6C8 /* NSTimer+RSCore.m */; };
		842DD7F21E14996B00E061EB /* Date+Extensions.swift in Sources */ = {isa = PBXBuildFile; fileRef = 84FEB4AB1D19D7F4004727E5 /* Date+Extensions.swift */; };
		842DD7F31E14996B00E061EB /* NSMutableDictionary-Extensions.swift in Sources */ = {isa = PBXBuildFile; fileRef = 84BB45421D6909C700B48537 /* NSMutableDictionary-Extensions.swift */; };
		842DD7F41E14996B00E061EB /* Set+Extensions.swift in Sources */ = {isa = PBXBuildFile; fileRef = 8414CBA61C95F2EA00333C12 /* Set+Extensions.swift */; };
		842DD7F51E14997600E061EB /* RSImageRenderer.h in Headers */ = {isa = PBXBuildFile; fileRef = 84CFF5621AC3D13C00CEA6C8 /* RSImageRenderer.h */; settings = {ATTRIBUTES = (Public, ); }; };
		842DD7F61E14997600E061EB /* RSImageRenderer.m in Sources */ = {isa = PBXBuildFile; fileRef = 84CFF5631AC3D13C00CEA6C8 /* RSImageRenderer.m */; };
		842DD7F71E14997600E061EB /* RSScaling.h in Headers */ = {isa = PBXBuildFile; fileRef = 84CFF5671AC3D1B000CEA6C8 /* RSScaling.h */; settings = {ATTRIBUTES = (Public, ); }; };
		842DD7F81E14997600E061EB /* RSScaling.m in Sources */ = {isa = PBXBuildFile; fileRef = 84CFF5681AC3D1B000CEA6C8 /* RSScaling.m */; };
		842E45CC1ED623C7000A8B52 /* UniqueIdentifier.swift in Sources */ = {isa = PBXBuildFile; fileRef = 842E45CB1ED623C7000A8B52 /* UniqueIdentifier.swift */; };
		8432B1861DACA0E90057D6DF /* NSResponder-Extensions.swift in Sources */ = {isa = PBXBuildFile; fileRef = 8432B1851DACA0E90057D6DF /* NSResponder-Extensions.swift */; };
		8432B1881DACA2060057D6DF /* NSWindow-Extensions.swift in Sources */ = {isa = PBXBuildFile; fileRef = 8432B1871DACA2060057D6DF /* NSWindow-Extensions.swift */; };
		8434D15C200BD6F400D6281E /* UserApp.swift in Sources */ = {isa = PBXBuildFile; fileRef = 8434D15B200BD6F400D6281E /* UserApp.swift */; };
		84411E731FE5FFC3004B527F /* NSImage+RSCore.swift in Sources */ = {isa = PBXBuildFile; fileRef = 84411E721FE5FFC3004B527F /* NSImage+RSCore.swift */; };
		844B5B571FE9D36000C7C76A /* Keyboard.swift in Sources */ = {isa = PBXBuildFile; fileRef = 844B5B561FE9D36000C7C76A /* Keyboard.swift */; };
		844C915B1B65753E0051FC1B /* RSPlist.h in Headers */ = {isa = PBXBuildFile; fileRef = 844C91591B65753E0051FC1B /* RSPlist.h */; settings = {ATTRIBUTES = (Public, ); }; };
		844C915C1B65753E0051FC1B /* RSPlist.m in Sources */ = {isa = PBXBuildFile; fileRef = 844C915A1B65753E0051FC1B /* RSPlist.m */; };
		844F91D51D90D86100820C48 /* RSTransparentContainerView.h in Headers */ = {isa = PBXBuildFile; fileRef = 844F91D31D90D86100820C48 /* RSTransparentContainerView.h */; settings = {ATTRIBUTES = (Public, ); }; };
		844F91D61D90D86100820C48 /* RSTransparentContainerView.m in Sources */ = {isa = PBXBuildFile; fileRef = 844F91D41D90D86100820C48 /* RSTransparentContainerView.m */; };
		84536F661BB856D4001E1639 /* NSFileManager+RSCore.h in Headers */ = {isa = PBXBuildFile; fileRef = 84536F641BB856D4001E1639 /* NSFileManager+RSCore.h */; settings = {ATTRIBUTES = (Public, ); }; };
		84536F671BB856D4001E1639 /* NSFileManager+RSCore.m in Sources */ = {isa = PBXBuildFile; fileRef = 84536F651BB856D4001E1639 /* NSFileManager+RSCore.m */; };
		8453F7DE1BDF337800B1C8ED /* RSMacroProcessor.h in Headers */ = {isa = PBXBuildFile; fileRef = 8453F7DC1BDF337800B1C8ED /* RSMacroProcessor.h */; settings = {ATTRIBUTES = (Public, ); }; };
		8453F7DF1BDF337800B1C8ED /* RSMacroProcessor.m in Sources */ = {isa = PBXBuildFile; fileRef = 8453F7DD1BDF337800B1C8ED /* RSMacroProcessor.m */; };
		845A291F1FC8BC49007B49E3 /* BinaryDiskCache.swift in Sources */ = {isa = PBXBuildFile; fileRef = 845A291E1FC8BC49007B49E3 /* BinaryDiskCache.swift */; };
		845A29201FC8BC49007B49E3 /* BinaryDiskCache.swift in Sources */ = {isa = PBXBuildFile; fileRef = 845A291E1FC8BC49007B49E3 /* BinaryDiskCache.swift */; };
		845DE0F31B80477100D1571B /* NSSet+RSCore.h in Headers */ = {isa = PBXBuildFile; fileRef = 845DE0F11B80477100D1571B /* NSSet+RSCore.h */; settings = {ATTRIBUTES = (Public, ); }; };
		845DE0F41B80477100D1571B /* NSSet+RSCore.m in Sources */ = {isa = PBXBuildFile; fileRef = 845DE0F21B80477100D1571B /* NSSet+RSCore.m */; };
		8461387F1DB3F5BE00048B83 /* RSToolbarItem.swift in Sources */ = {isa = PBXBuildFile; fileRef = 8461387E1DB3F5BE00048B83 /* RSToolbarItem.swift */; };
		8479213C1FBA426B004AD08C /* WebViewWindow.xib in Resources */ = {isa = PBXBuildFile; fileRef = 8479213B1FBA426B004AD08C /* WebViewWindow.xib */; };
		8479213E1FBA4285004AD08C /* WebViewWindowController.swift in Sources */ = {isa = PBXBuildFile; fileRef = 8479213D1FBA4285004AD08C /* WebViewWindowController.swift */; };
		848F6AE91FC2BC50002D422E /* ThreadSafeCache.swift in Sources */ = {isa = PBXBuildFile; fileRef = 848F6AE81FC2BC50002D422E /* ThreadSafeCache.swift */; };
		848F6AEA1FC2BC50002D422E /* ThreadSafeCache.swift in Sources */ = {isa = PBXBuildFile; fileRef = 848F6AE81FC2BC50002D422E /* ThreadSafeCache.swift */; };
		849A339D1AC90A0A0015BA09 /* NSTableView+RSCore.h in Headers */ = {isa = PBXBuildFile; fileRef = 849A339B1AC90A0A0015BA09 /* NSTableView+RSCore.h */; settings = {ATTRIBUTES = (Public, ); }; };
		849A339E1AC90A0A0015BA09 /* NSTableView+RSCore.m in Sources */ = {isa = PBXBuildFile; fileRef = 849A339C1AC90A0A0015BA09 /* NSTableView+RSCore.m */; };
		849B08971BF7BCE30090CEE4 /* NSPasteboard+RSCore.h in Headers */ = {isa = PBXBuildFile; fileRef = 849B08951BF7BCE30090CEE4 /* NSPasteboard+RSCore.h */; settings = {ATTRIBUTES = (Public, ); }; };
		849B08981BF7BCE30090CEE4 /* NSPasteboard+RSCore.m in Sources */ = {isa = PBXBuildFile; fileRef = 849B08961BF7BCE30090CEE4 /* NSPasteboard+RSCore.m */; };
		849EE70D2039187D0082A1EA /* NSWindowController+RSCore.swift in Sources */ = {isa = PBXBuildFile; fileRef = 849EE70C2039187D0082A1EA /* NSWindowController+RSCore.swift */; };
		849EE72320393A750082A1EA /* NSToolbar+RSCore.swift in Sources */ = {isa = PBXBuildFile; fileRef = 849EE72220393A750082A1EA /* NSToolbar+RSCore.swift */; };
		849EE72520393AEA0082A1EA /* Array+RSCore.swift in Sources */ = {isa = PBXBuildFile; fileRef = 849EE72420393AEA0082A1EA /* Array+RSCore.swift */; };
		84A8358A1D4EC7B80004C598 /* PlistProviderProtocol.swift in Sources */ = {isa = PBXBuildFile; fileRef = 84A835891D4EC7B80004C598 /* PlistProviderProtocol.swift */; };
		84AD1EA520315A8800BC20B7 /* PasteboardWriterOwner.swift in Sources */ = {isa = PBXBuildFile; fileRef = 84AD1EA420315A8700BC20B7 /* PasteboardWriterOwner.swift */; };
		84AD1EA820315BA900BC20B7 /* NSPasteboard+RSCore.swift in Sources */ = {isa = PBXBuildFile; fileRef = 84AD1EA720315BA900BC20B7 /* NSPasteboard+RSCore.swift */; };
		84B890561C59CF1600D8BF23 /* NSString+ExtrasTests.m in Sources */ = {isa = PBXBuildFile; fileRef = 84B890551C59CF1600D8BF23 /* NSString+ExtrasTests.m */; };
		84B99C941FAE64D500ECDEDB /* DisplayNameProvider.swift in Sources */ = {isa = PBXBuildFile; fileRef = 84B99C931FAE64D400ECDEDB /* DisplayNameProvider.swift */; };
		84B99C951FAE64D500ECDEDB /* DisplayNameProvider.swift in Sources */ = {isa = PBXBuildFile; fileRef = 84B99C931FAE64D400ECDEDB /* DisplayNameProvider.swift */; };
		84B99C9A1FAE650100ECDEDB /* OPMLRepresentable.swift in Sources */ = {isa = PBXBuildFile; fileRef = 84B99C991FAE650100ECDEDB /* OPMLRepresentable.swift */; };
		84B99C9B1FAE650100ECDEDB /* OPMLRepresentable.swift in Sources */ = {isa = PBXBuildFile; fileRef = 84B99C991FAE650100ECDEDB /* OPMLRepresentable.swift */; };
		84BB45431D6909C700B48537 /* NSMutableDictionary-Extensions.swift in Sources */ = {isa = PBXBuildFile; fileRef = 84BB45421D6909C700B48537 /* NSMutableDictionary-Extensions.swift */; };
		84C326872038C9F6006A025C /* CoalescingQueue.swift in Sources */ = {isa = PBXBuildFile; fileRef = 84C326862038C9F6006A025C /* CoalescingQueue.swift */; };
		84C632A0200D30F1007BEEAA /* NSAppleEventDescriptor+RSCore.h in Headers */ = {isa = PBXBuildFile; fileRef = 84C6329E200D30F1007BEEAA /* NSAppleEventDescriptor+RSCore.h */; settings = {ATTRIBUTES = (Public, ); }; };
		84C632A1200D30F1007BEEAA /* NSAppleEventDescriptor+RSCore.m in Sources */ = {isa = PBXBuildFile; fileRef = 84C6329F200D30F1007BEEAA /* NSAppleEventDescriptor+RSCore.m */; };
		84C632A4200D356E007BEEAA /* SendToBlogEditorApp.h in Headers */ = {isa = PBXBuildFile; fileRef = 84C632A2200D356E007BEEAA /* SendToBlogEditorApp.h */; settings = {ATTRIBUTES = (Public, ); }; };
		84C632A5200D356E007BEEAA /* SendToBlogEditorApp.m in Sources */ = {isa = PBXBuildFile; fileRef = 84C632A3200D356E007BEEAA /* SendToBlogEditorApp.m */; };
		84C687301FBAA30800345C9E /* LogWindow.xib in Resources */ = {isa = PBXBuildFile; fileRef = 84C6872F1FBAA30800345C9E /* LogWindow.xib */; };
		84C687321FBAA3DF00345C9E /* LogWindowController.swift in Sources */ = {isa = PBXBuildFile; fileRef = 84C687311FBAA3DF00345C9E /* LogWindowController.swift */; };
		84C687351FBC025600345C9E /* Log.swift in Sources */ = {isa = PBXBuildFile; fileRef = 84C687341FBC025600345C9E /* Log.swift */; };
		84C687361FBC025600345C9E /* Log.swift in Sources */ = {isa = PBXBuildFile; fileRef = 84C687341FBC025600345C9E /* Log.swift */; };
		84C687381FBC028900345C9E /* LogItem.swift in Sources */ = {isa = PBXBuildFile; fileRef = 84C687371FBC028900345C9E /* LogItem.swift */; };
		84C687391FBC028900345C9E /* LogItem.swift in Sources */ = {isa = PBXBuildFile; fileRef = 84C687371FBC028900345C9E /* LogItem.swift */; };
		84CFF4FA1AC3C69700CEA6C8 /* RSCore.h in Headers */ = {isa = PBXBuildFile; fileRef = 84CFF4F91AC3C69700CEA6C8 /* RSCore.h */; settings = {ATTRIBUTES = (Public, ); }; };
		84CFF5001AC3C69700CEA6C8 /* RSCore.framework in Frameworks */ = {isa = PBXBuildFile; fileRef = 84CFF4F41AC3C69700CEA6C8 /* RSCore.framework */; };
		84CFF5071AC3C69700CEA6C8 /* RSCoreTests.m in Sources */ = {isa = PBXBuildFile; fileRef = 84CFF5061AC3C69700CEA6C8 /* RSCoreTests.m */; };
		84CFF5121AC3C6D800CEA6C8 /* RSBlocks.h in Headers */ = {isa = PBXBuildFile; fileRef = 84CFF5101AC3C6D800CEA6C8 /* RSBlocks.h */; settings = {ATTRIBUTES = (Public, ); }; };
		84CFF5131AC3C6D800CEA6C8 /* RSBlocks.m in Sources */ = {isa = PBXBuildFile; fileRef = 84CFF5111AC3C6D800CEA6C8 /* RSBlocks.m */; };
		84CFF5161AC3C73000CEA6C8 /* RSConstants.h in Headers */ = {isa = PBXBuildFile; fileRef = 84CFF5141AC3C73000CEA6C8 /* RSConstants.h */; settings = {ATTRIBUTES = (Public, ); }; };
		84CFF5171AC3C73000CEA6C8 /* RSConstants.m in Sources */ = {isa = PBXBuildFile; fileRef = 84CFF5151AC3C73000CEA6C8 /* RSConstants.m */; };
		84CFF51A1AC3C77500CEA6C8 /* RSPlatform.h in Headers */ = {isa = PBXBuildFile; fileRef = 84CFF5181AC3C77500CEA6C8 /* RSPlatform.h */; settings = {ATTRIBUTES = (Public, ); }; };
		84CFF51B1AC3C77500CEA6C8 /* RSPlatform.m in Sources */ = {isa = PBXBuildFile; fileRef = 84CFF5191AC3C77500CEA6C8 /* RSPlatform.m */; };
		84CFF5221AC3C89D00CEA6C8 /* NSObject+RSCore.h in Headers */ = {isa = PBXBuildFile; fileRef = 84CFF5201AC3C89D00CEA6C8 /* NSObject+RSCore.h */; settings = {ATTRIBUTES = (Public, ); }; };
		84CFF5231AC3C89D00CEA6C8 /* NSObject+RSCore.m in Sources */ = {isa = PBXBuildFile; fileRef = 84CFF5211AC3C89D00CEA6C8 /* NSObject+RSCore.m */; };
		84CFF5271AC3C9A200CEA6C8 /* NSArray+RSCore.h in Headers */ = {isa = PBXBuildFile; fileRef = 84CFF5251AC3C9A200CEA6C8 /* NSArray+RSCore.h */; settings = {ATTRIBUTES = (Public, ); }; };
		84CFF5281AC3C9A200CEA6C8 /* NSArray+RSCore.m in Sources */ = {isa = PBXBuildFile; fileRef = 84CFF5261AC3C9A200CEA6C8 /* NSArray+RSCore.m */; };
		84CFF52B1AC3CA9700CEA6C8 /* NSData+RSCore.h in Headers */ = {isa = PBXBuildFile; fileRef = 84CFF5291AC3CA9700CEA6C8 /* NSData+RSCore.h */; settings = {ATTRIBUTES = (Public, ); }; };
		84CFF52C1AC3CA9700CEA6C8 /* NSData+RSCore.m in Sources */ = {isa = PBXBuildFile; fileRef = 84CFF52A1AC3CA9700CEA6C8 /* NSData+RSCore.m */; };
		84CFF52F1AC3CB1900CEA6C8 /* NSDate+RSCore.h in Headers */ = {isa = PBXBuildFile; fileRef = 84CFF52D1AC3CB1900CEA6C8 /* NSDate+RSCore.h */; settings = {ATTRIBUTES = (Public, ); }; };
		84CFF5301AC3CB1900CEA6C8 /* NSDate+RSCore.m in Sources */ = {isa = PBXBuildFile; fileRef = 84CFF52E1AC3CB1900CEA6C8 /* NSDate+RSCore.m */; };
		84CFF5331AC3CB6800CEA6C8 /* NSDictionary+RSCore.h in Headers */ = {isa = PBXBuildFile; fileRef = 84CFF5311AC3CB6800CEA6C8 /* NSDictionary+RSCore.h */; settings = {ATTRIBUTES = (Public, ); }; };
		84CFF5341AC3CB6800CEA6C8 /* NSDictionary+RSCore.m in Sources */ = {isa = PBXBuildFile; fileRef = 84CFF5321AC3CB6800CEA6C8 /* NSDictionary+RSCore.m */; };
		84CFF5371AC3CBB200CEA6C8 /* NSMutableArray+RSCore.h in Headers */ = {isa = PBXBuildFile; fileRef = 84CFF5351AC3CBB200CEA6C8 /* NSMutableArray+RSCore.h */; settings = {ATTRIBUTES = (Public, ); }; };
		84CFF5381AC3CBB200CEA6C8 /* NSMutableArray+RSCore.m in Sources */ = {isa = PBXBuildFile; fileRef = 84CFF5361AC3CBB200CEA6C8 /* NSMutableArray+RSCore.m */; };
		84CFF53B1AC3CCCA00CEA6C8 /* NSMutableDictionary+RSCore.h in Headers */ = {isa = PBXBuildFile; fileRef = 84CFF5391AC3CCCA00CEA6C8 /* NSMutableDictionary+RSCore.h */; settings = {ATTRIBUTES = (Public, ); }; };
		84CFF53C1AC3CCCA00CEA6C8 /* NSMutableDictionary+RSCore.m in Sources */ = {isa = PBXBuildFile; fileRef = 84CFF53A1AC3CCCA00CEA6C8 /* NSMutableDictionary+RSCore.m */; };
		84CFF53F1AC3CD0100CEA6C8 /* NSMutableSet+RSCore.h in Headers */ = {isa = PBXBuildFile; fileRef = 84CFF53D1AC3CD0100CEA6C8 /* NSMutableSet+RSCore.h */; settings = {ATTRIBUTES = (Public, ); }; };
		84CFF5401AC3CD0100CEA6C8 /* NSMutableSet+RSCore.m in Sources */ = {isa = PBXBuildFile; fileRef = 84CFF53E1AC3CD0100CEA6C8 /* NSMutableSet+RSCore.m */; };
		84CFF5431AC3CD3500CEA6C8 /* NSNotificationCenter+RSCore.h in Headers */ = {isa = PBXBuildFile; fileRef = 84CFF5411AC3CD3500CEA6C8 /* NSNotificationCenter+RSCore.h */; settings = {ATTRIBUTES = (Public, ); }; };
		84CFF5441AC3CD3500CEA6C8 /* NSNotificationCenter+RSCore.m in Sources */ = {isa = PBXBuildFile; fileRef = 84CFF5421AC3CD3500CEA6C8 /* NSNotificationCenter+RSCore.m */; };
		84CFF5471AC3CD8000CEA6C8 /* NSTimer+RSCore.h in Headers */ = {isa = PBXBuildFile; fileRef = 84CFF5451AC3CD8000CEA6C8 /* NSTimer+RSCore.h */; settings = {ATTRIBUTES = (Public, ); }; };
		84CFF5481AC3CD8000CEA6C8 /* NSTimer+RSCore.m in Sources */ = {isa = PBXBuildFile; fileRef = 84CFF5461AC3CD8000CEA6C8 /* NSTimer+RSCore.m */; };
		84CFF54B1AC3CDAC00CEA6C8 /* NSString+RSCore.h in Headers */ = {isa = PBXBuildFile; fileRef = 84CFF5491AC3CDAC00CEA6C8 /* NSString+RSCore.h */; settings = {ATTRIBUTES = (Public, ); }; };
		84CFF54C1AC3CDAC00CEA6C8 /* NSString+RSCore.m in Sources */ = {isa = PBXBuildFile; fileRef = 84CFF54A1AC3CDAC00CEA6C8 /* NSString+RSCore.m */; };
		84CFF5531AC3CF4700CEA6C8 /* NSColor+RSCore.h in Headers */ = {isa = PBXBuildFile; fileRef = 84CFF5511AC3CF4700CEA6C8 /* NSColor+RSCore.h */; settings = {ATTRIBUTES = (Public, ); }; };
		84CFF5541AC3CF4700CEA6C8 /* NSColor+RSCore.m in Sources */ = {isa = PBXBuildFile; fileRef = 84CFF5521AC3CF4700CEA6C8 /* NSColor+RSCore.m */; };
		84CFF5581AC3CF9100CEA6C8 /* NSView+RSCore.h in Headers */ = {isa = PBXBuildFile; fileRef = 84CFF5561AC3CF9100CEA6C8 /* NSView+RSCore.h */; settings = {ATTRIBUTES = (Public, ); }; };
		84CFF5591AC3CF9100CEA6C8 /* NSView+RSCore.m in Sources */ = {isa = PBXBuildFile; fileRef = 84CFF5571AC3CF9100CEA6C8 /* NSView+RSCore.m */; };
		84CFF55C1AC3D01F00CEA6C8 /* RSBackgroundColorView.h in Headers */ = {isa = PBXBuildFile; fileRef = 84CFF55A1AC3D01F00CEA6C8 /* RSBackgroundColorView.h */; settings = {ATTRIBUTES = (Public, ); }; };
		84CFF55D1AC3D01F00CEA6C8 /* RSBackgroundColorView.m in Sources */ = {isa = PBXBuildFile; fileRef = 84CFF55B1AC3D01F00CEA6C8 /* RSBackgroundColorView.m */; };
		84CFF5641AC3D13C00CEA6C8 /* RSImageRenderer.h in Headers */ = {isa = PBXBuildFile; fileRef = 84CFF5621AC3D13C00CEA6C8 /* RSImageRenderer.h */; settings = {ATTRIBUTES = (Public, ); }; };
		84CFF5651AC3D13C00CEA6C8 /* RSImageRenderer.m in Sources */ = {isa = PBXBuildFile; fileRef = 84CFF5631AC3D13C00CEA6C8 /* RSImageRenderer.m */; };
		84CFF5691AC3D1B000CEA6C8 /* RSScaling.h in Headers */ = {isa = PBXBuildFile; fileRef = 84CFF5671AC3D1B000CEA6C8 /* RSScaling.h */; settings = {ATTRIBUTES = (Public, ); }; };
		84CFF56A1AC3D1B000CEA6C8 /* RSScaling.m in Sources */ = {isa = PBXBuildFile; fileRef = 84CFF5681AC3D1B000CEA6C8 /* RSScaling.m */; };
		84CFF56D1AC3D20A00CEA6C8 /* NSImage+RSCore.h in Headers */ = {isa = PBXBuildFile; fileRef = 84CFF56B1AC3D20A00CEA6C8 /* NSImage+RSCore.h */; settings = {ATTRIBUTES = (Public, ); }; };
		84CFF56E1AC3D20A00CEA6C8 /* NSImage+RSCore.m in Sources */ = {isa = PBXBuildFile; fileRef = 84CFF56C1AC3D20A00CEA6C8 /* NSImage+RSCore.m */; };
		84D5BA1E201E87E2009092BD /* URLPasteboardWriter.swift in Sources */ = {isa = PBXBuildFile; fileRef = 84D5BA1D201E87E2009092BD /* URLPasteboardWriter.swift */; };
		84E185C6203BEA7900F69BFA /* NSAttributedString+RSCore.h in Headers */ = {isa = PBXBuildFile; fileRef = 84E185C4203BEA7900F69BFA /* NSAttributedString+RSCore.h */; settings = {ATTRIBUTES = (Public, ); }; };
		84E185C7203BEA7900F69BFA /* NSAttributedString+RSCore.m in Sources */ = {isa = PBXBuildFile; fileRef = 84E185C5203BEA7900F69BFA /* NSAttributedString+RSCore.m */; };
		84E34DA61F9FA1070077082F /* UndoableCommand.swift in Sources */ = {isa = PBXBuildFile; fileRef = 84E34DA51F9FA1070077082F /* UndoableCommand.swift */; };
		84E8E0D9202EC39800562D8F /* NSMenu+Extensions.swift in Sources */ = {isa = PBXBuildFile; fileRef = 84E8E0D8202EC39800562D8F /* NSMenu+Extensions.swift */; };
		84F20F831F16BA6200D8E682 /* PropertyList.swift in Sources */ = {isa = PBXBuildFile; fileRef = 84F20F821F16BA6200D8E682 /* PropertyList.swift */; };
		84FE9FC31C00453900081CE9 /* NSStoryboard+RSCore.h in Headers */ = {isa = PBXBuildFile; fileRef = 84FE9FC11C00453900081CE9 /* NSStoryboard+RSCore.h */; settings = {ATTRIBUTES = (Public, ); }; };
		84FE9FC41C00453900081CE9 /* NSStoryboard+RSCore.m in Sources */ = {isa = PBXBuildFile; fileRef = 84FE9FC21C00453900081CE9 /* NSStoryboard+RSCore.m */; };
		84FEB4AC1D19D7F4004727E5 /* Date+Extensions.swift in Sources */ = {isa = PBXBuildFile; fileRef = 84FEB4AB1D19D7F4004727E5 /* Date+Extensions.swift */; };
/* End PBXBuildFile section */

/* Begin PBXContainerItemProxy section */
		84CFF5011AC3C69700CEA6C8 /* PBXContainerItemProxy */ = {
			isa = PBXContainerItemProxy;
			containerPortal = 84CFF4EB1AC3C69700CEA6C8 /* Project object */;
			proxyType = 1;
			remoteGlobalIDString = 84CFF4F31AC3C69700CEA6C8;
			remoteInfo = RSCore;
		};
/* End PBXContainerItemProxy section */

/* Begin PBXFileReference section */
		8402047D1FBCE77900D94C1A /* BatchUpdate.swift */ = {isa = PBXFileReference; fileEncoding = 4; lastKnownFileType = sourcecode.swift; name = BatchUpdate.swift; path = RSCore/BatchUpdate.swift; sourceTree = "<group>"; };
		84134D1D1C59D5450063FD24 /* NSCalendar+RSCore.h */ = {isa = PBXFileReference; fileEncoding = 4; lastKnownFileType = sourcecode.c.h; path = "NSCalendar+RSCore.h"; sourceTree = "<group>"; };
		84134D1E1C59D5450063FD24 /* NSCalendar+RSCore.m */ = {isa = PBXFileReference; fileEncoding = 4; lastKnownFileType = sourcecode.c.objc; path = "NSCalendar+RSCore.m"; sourceTree = "<group>"; };
		8414CBA61C95F2EA00333C12 /* Set+Extensions.swift */ = {isa = PBXFileReference; fileEncoding = 4; lastKnownFileType = sourcecode.swift; path = "Set+Extensions.swift"; sourceTree = "<group>"; };
		8414CBA91C95F8F700333C12 /* RSGeometry.h */ = {isa = PBXFileReference; fileEncoding = 4; lastKnownFileType = sourcecode.c.h; path = RSGeometry.h; sourceTree = "<group>"; };
		8414CBAA1C95F8F700333C12 /* RSGeometry.m */ = {isa = PBXFileReference; fileEncoding = 4; lastKnownFileType = sourcecode.c.objc; path = RSGeometry.m; sourceTree = "<group>"; };
		8415CB881BF84D24007B1E98 /* NSEvent+RSCore.h */ = {isa = PBXFileReference; fileEncoding = 4; lastKnownFileType = sourcecode.c.h; path = "NSEvent+RSCore.h"; sourceTree = "<group>"; };
		8415CB891BF84D24007B1E98 /* NSEvent+RSCore.m */ = {isa = PBXFileReference; fileEncoding = 4; lastKnownFileType = sourcecode.c.objc; path = "NSEvent+RSCore.m"; sourceTree = "<group>"; };
		8417FE001AC67D430048E9B7 /* RSOpaqueContainerView.h */ = {isa = PBXFileReference; fileEncoding = 4; lastKnownFileType = sourcecode.c.h; path = RSOpaqueContainerView.h; sourceTree = "<group>"; };
		8417FE011AC67D430048E9B7 /* RSOpaqueContainerView.m */ = {isa = PBXFileReference; fileEncoding = 4; lastKnownFileType = sourcecode.c.objc; path = RSOpaqueContainerView.m; sourceTree = "<group>"; };
		842635561D7FA1C800196285 /* NSTableView+Extensions.swift */ = {isa = PBXFileReference; fileEncoding = 4; lastKnownFileType = sourcecode.swift; path = "NSTableView+Extensions.swift"; sourceTree = "<group>"; };
		842635581D7FA24800196285 /* NSOutlineView+Extensions.swift */ = {isa = PBXFileReference; fileEncoding = 4; lastKnownFileType = sourcecode.swift; path = "NSOutlineView+Extensions.swift"; sourceTree = "<group>"; };
		842DD7BC1E14993900E061EB /* RSCore.framework */ = {isa = PBXFileReference; explicitFileType = wrapper.framework; includeInIndex = 0; path = RSCore.framework; sourceTree = BUILT_PRODUCTS_DIR; };
		842DD7BF1E14993900E061EB /* Info.plist */ = {isa = PBXFileReference; lastKnownFileType = text.plist.xml; path = Info.plist; sourceTree = "<group>"; };
		842E45CB1ED623C7000A8B52 /* UniqueIdentifier.swift */ = {isa = PBXFileReference; fileEncoding = 4; lastKnownFileType = sourcecode.swift; path = UniqueIdentifier.swift; sourceTree = "<group>"; };
		8432B1851DACA0E90057D6DF /* NSResponder-Extensions.swift */ = {isa = PBXFileReference; fileEncoding = 4; lastKnownFileType = sourcecode.swift; path = "NSResponder-Extensions.swift"; sourceTree = "<group>"; };
		8432B1871DACA2060057D6DF /* NSWindow-Extensions.swift */ = {isa = PBXFileReference; fileEncoding = 4; lastKnownFileType = sourcecode.swift; path = "NSWindow-Extensions.swift"; sourceTree = "<group>"; };
		8434D15B200BD6F400D6281E /* UserApp.swift */ = {isa = PBXFileReference; lastKnownFileType = sourcecode.swift; name = UserApp.swift; path = AppKit/UserApp.swift; sourceTree = "<group>"; };
		84411E721FE5FFC3004B527F /* NSImage+RSCore.swift */ = {isa = PBXFileReference; lastKnownFileType = sourcecode.swift; name = "NSImage+RSCore.swift"; path = "Images/NSImage+RSCore.swift"; sourceTree = "<group>"; };
		844B5B561FE9D36000C7C76A /* Keyboard.swift */ = {isa = PBXFileReference; lastKnownFileType = sourcecode.swift; name = Keyboard.swift; path = RSCore/Keyboard.swift; sourceTree = "<group>"; };
		844C91591B65753E0051FC1B /* RSPlist.h */ = {isa = PBXFileReference; fileEncoding = 4; lastKnownFileType = sourcecode.c.h; name = RSPlist.h; path = RSCore/RSPlist.h; sourceTree = "<group>"; };
		844C915A1B65753E0051FC1B /* RSPlist.m */ = {isa = PBXFileReference; fileEncoding = 4; lastKnownFileType = sourcecode.c.objc; name = RSPlist.m; path = RSCore/RSPlist.m; sourceTree = "<group>"; };
		844F91D31D90D86100820C48 /* RSTransparentContainerView.h */ = {isa = PBXFileReference; fileEncoding = 4; lastKnownFileType = sourcecode.c.h; path = RSTransparentContainerView.h; sourceTree = "<group>"; };
		844F91D41D90D86100820C48 /* RSTransparentContainerView.m */ = {isa = PBXFileReference; fileEncoding = 4; lastKnownFileType = sourcecode.c.objc; path = RSTransparentContainerView.m; sourceTree = "<group>"; };
		84536F641BB856D4001E1639 /* NSFileManager+RSCore.h */ = {isa = PBXFileReference; fileEncoding = 4; lastKnownFileType = sourcecode.c.h; path = "NSFileManager+RSCore.h"; sourceTree = "<group>"; };
		84536F651BB856D4001E1639 /* NSFileManager+RSCore.m */ = {isa = PBXFileReference; fileEncoding = 4; lastKnownFileType = sourcecode.c.objc; path = "NSFileManager+RSCore.m"; sourceTree = "<group>"; };
		8453F7DC1BDF337800B1C8ED /* RSMacroProcessor.h */ = {isa = PBXFileReference; fileEncoding = 4; lastKnownFileType = sourcecode.c.h; name = RSMacroProcessor.h; path = RSCore/RSMacroProcessor.h; sourceTree = "<group>"; };
		8453F7DD1BDF337800B1C8ED /* RSMacroProcessor.m */ = {isa = PBXFileReference; fileEncoding = 4; lastKnownFileType = sourcecode.c.objc; name = RSMacroProcessor.m; path = RSCore/RSMacroProcessor.m; sourceTree = "<group>"; };
		845A291E1FC8BC49007B49E3 /* BinaryDiskCache.swift */ = {isa = PBXFileReference; lastKnownFileType = sourcecode.swift; name = BinaryDiskCache.swift; path = RSCore/BinaryDiskCache.swift; sourceTree = "<group>"; };
		845DE0F11B80477100D1571B /* NSSet+RSCore.h */ = {isa = PBXFileReference; fileEncoding = 4; lastKnownFileType = sourcecode.c.h; path = "NSSet+RSCore.h"; sourceTree = "<group>"; };
		845DE0F21B80477100D1571B /* NSSet+RSCore.m */ = {isa = PBXFileReference; fileEncoding = 4; lastKnownFileType = sourcecode.c.objc; path = "NSSet+RSCore.m"; sourceTree = "<group>"; };
		8461387E1DB3F5BE00048B83 /* RSToolbarItem.swift */ = {isa = PBXFileReference; fileEncoding = 4; lastKnownFileType = sourcecode.swift; path = RSToolbarItem.swift; sourceTree = "<group>"; };
		8479213B1FBA426B004AD08C /* WebViewWindow.xib */ = {isa = PBXFileReference; lastKnownFileType = file.xib; name = WebViewWindow.xib; path = AppKit/WebViewWindow.xib; sourceTree = "<group>"; };
		8479213D1FBA4285004AD08C /* WebViewWindowController.swift */ = {isa = PBXFileReference; lastKnownFileType = sourcecode.swift; name = WebViewWindowController.swift; path = AppKit/WebViewWindowController.swift; sourceTree = "<group>"; };
		848F6AE81FC2BC50002D422E /* ThreadSafeCache.swift */ = {isa = PBXFileReference; lastKnownFileType = sourcecode.swift; name = ThreadSafeCache.swift; path = RSCore/ThreadSafeCache.swift; sourceTree = "<group>"; };
		849A339B1AC90A0A0015BA09 /* NSTableView+RSCore.h */ = {isa = PBXFileReference; fileEncoding = 4; lastKnownFileType = sourcecode.c.h; path = "NSTableView+RSCore.h"; sourceTree = "<group>"; };
		849A339C1AC90A0A0015BA09 /* NSTableView+RSCore.m */ = {isa = PBXFileReference; fileEncoding = 4; lastKnownFileType = sourcecode.c.objc; path = "NSTableView+RSCore.m"; sourceTree = "<group>"; };
		849B08951BF7BCE30090CEE4 /* NSPasteboard+RSCore.h */ = {isa = PBXFileReference; fileEncoding = 4; lastKnownFileType = sourcecode.c.h; path = "NSPasteboard+RSCore.h"; sourceTree = "<group>"; };
		849B08961BF7BCE30090CEE4 /* NSPasteboard+RSCore.m */ = {isa = PBXFileReference; fileEncoding = 4; lastKnownFileType = sourcecode.c.objc; path = "NSPasteboard+RSCore.m"; sourceTree = "<group>"; };
		849EE70C2039187D0082A1EA /* NSWindowController+RSCore.swift */ = {isa = PBXFileReference; lastKnownFileType = sourcecode.swift; name = "NSWindowController+RSCore.swift"; path = "AppKit/NSWindowController+RSCore.swift"; sourceTree = "<group>"; };
		849EE72220393A750082A1EA /* NSToolbar+RSCore.swift */ = {isa = PBXFileReference; lastKnownFileType = sourcecode.swift; name = "NSToolbar+RSCore.swift"; path = "AppKit/NSToolbar+RSCore.swift"; sourceTree = "<group>"; };
		849EE72420393AEA0082A1EA /* Array+RSCore.swift */ = {isa = PBXFileReference; lastKnownFileType = sourcecode.swift; path = "Array+RSCore.swift"; sourceTree = "<group>"; };
		84A835891D4EC7B80004C598 /* PlistProviderProtocol.swift */ = {isa = PBXFileReference; fileEncoding = 4; lastKnownFileType = sourcecode.swift; name = PlistProviderProtocol.swift; path = RSCore/PlistProviderProtocol.swift; sourceTree = "<group>"; };
		84AD1EA420315A8700BC20B7 /* PasteboardWriterOwner.swift */ = {isa = PBXFileReference; lastKnownFileType = sourcecode.swift; name = PasteboardWriterOwner.swift; path = RSCore/PasteboardWriterOwner.swift; sourceTree = "<group>"; };
		84AD1EA720315BA900BC20B7 /* NSPasteboard+RSCore.swift */ = {isa = PBXFileReference; lastKnownFileType = sourcecode.swift; name = "NSPasteboard+RSCore.swift"; path = "AppKit/NSPasteboard+RSCore.swift"; sourceTree = "<group>"; };
		84B890551C59CF1600D8BF23 /* NSString+ExtrasTests.m */ = {isa = PBXFileReference; fileEncoding = 4; lastKnownFileType = sourcecode.c.objc; path = "NSString+ExtrasTests.m"; sourceTree = "<group>"; };
		84B99C931FAE64D400ECDEDB /* DisplayNameProvider.swift */ = {isa = PBXFileReference; fileEncoding = 4; lastKnownFileType = sourcecode.swift; name = DisplayNameProvider.swift; path = RSCore/DisplayNameProvider.swift; sourceTree = "<group>"; };
		84B99C991FAE650100ECDEDB /* OPMLRepresentable.swift */ = {isa = PBXFileReference; fileEncoding = 4; lastKnownFileType = sourcecode.swift; name = OPMLRepresentable.swift; path = RSCore/OPMLRepresentable.swift; sourceTree = "<group>"; };
		84BB45421D6909C700B48537 /* NSMutableDictionary-Extensions.swift */ = {isa = PBXFileReference; fileEncoding = 4; lastKnownFileType = sourcecode.swift; path = "NSMutableDictionary-Extensions.swift"; sourceTree = "<group>"; };
		84C326862038C9F6006A025C /* CoalescingQueue.swift */ = {isa = PBXFileReference; lastKnownFileType = sourcecode.swift; name = CoalescingQueue.swift; path = RSCore/CoalescingQueue.swift; sourceTree = "<group>"; };
		84C6329E200D30F1007BEEAA /* NSAppleEventDescriptor+RSCore.h */ = {isa = PBXFileReference; lastKnownFileType = sourcecode.c.h; name = "NSAppleEventDescriptor+RSCore.h"; path = "AppKit/NSAppleEventDescriptor+RSCore.h"; sourceTree = "<group>"; };
		84C6329F200D30F1007BEEAA /* NSAppleEventDescriptor+RSCore.m */ = {isa = PBXFileReference; lastKnownFileType = sourcecode.c.objc; name = "NSAppleEventDescriptor+RSCore.m"; path = "AppKit/NSAppleEventDescriptor+RSCore.m"; sourceTree = "<group>"; };
		84C632A2200D356E007BEEAA /* SendToBlogEditorApp.h */ = {isa = PBXFileReference; lastKnownFileType = sourcecode.c.h; name = SendToBlogEditorApp.h; path = AppKit/SendToBlogEditorApp.h; sourceTree = "<group>"; };
		84C632A3200D356E007BEEAA /* SendToBlogEditorApp.m */ = {isa = PBXFileReference; lastKnownFileType = sourcecode.c.objc; name = SendToBlogEditorApp.m; path = AppKit/SendToBlogEditorApp.m; sourceTree = "<group>"; };
		84C6872F1FBAA30800345C9E /* LogWindow.xib */ = {isa = PBXFileReference; lastKnownFileType = file.xib; name = LogWindow.xib; path = AppKit/LogWindow.xib; sourceTree = "<group>"; };
		84C687311FBAA3DF00345C9E /* LogWindowController.swift */ = {isa = PBXFileReference; lastKnownFileType = sourcecode.swift; name = LogWindowController.swift; path = AppKit/LogWindowController.swift; sourceTree = "<group>"; };
		84C687341FBC025600345C9E /* Log.swift */ = {isa = PBXFileReference; lastKnownFileType = sourcecode.swift; path = Log.swift; sourceTree = "<group>"; };
		84C687371FBC028900345C9E /* LogItem.swift */ = {isa = PBXFileReference; lastKnownFileType = sourcecode.swift; path = LogItem.swift; sourceTree = "<group>"; };
		84CFF4F41AC3C69700CEA6C8 /* RSCore.framework */ = {isa = PBXFileReference; explicitFileType = wrapper.framework; includeInIndex = 0; path = RSCore.framework; sourceTree = BUILT_PRODUCTS_DIR; };
		84CFF4F81AC3C69700CEA6C8 /* Info.plist */ = {isa = PBXFileReference; lastKnownFileType = text.plist.xml; name = Info.plist; path = RSCore/Info.plist; sourceTree = "<group>"; };
		84CFF4F91AC3C69700CEA6C8 /* RSCore.h */ = {isa = PBXFileReference; lastKnownFileType = sourcecode.c.h; name = RSCore.h; path = RSCore/RSCore.h; sourceTree = "<group>"; };
		84CFF4FF1AC3C69700CEA6C8 /* RSCoreTests.xctest */ = {isa = PBXFileReference; explicitFileType = wrapper.cfbundle; includeInIndex = 0; path = RSCoreTests.xctest; sourceTree = BUILT_PRODUCTS_DIR; };
		84CFF5051AC3C69700CEA6C8 /* Info.plist */ = {isa = PBXFileReference; lastKnownFileType = text.plist.xml; path = Info.plist; sourceTree = "<group>"; };
		84CFF5061AC3C69700CEA6C8 /* RSCoreTests.m */ = {isa = PBXFileReference; lastKnownFileType = sourcecode.c.objc; path = RSCoreTests.m; sourceTree = "<group>"; };
		84CFF5101AC3C6D800CEA6C8 /* RSBlocks.h */ = {isa = PBXFileReference; fileEncoding = 4; lastKnownFileType = sourcecode.c.h; name = RSBlocks.h; path = RSCore/RSBlocks.h; sourceTree = "<group>"; };
		84CFF5111AC3C6D800CEA6C8 /* RSBlocks.m */ = {isa = PBXFileReference; fileEncoding = 4; lastKnownFileType = sourcecode.c.objc; name = RSBlocks.m; path = RSCore/RSBlocks.m; sourceTree = "<group>"; };
		84CFF5141AC3C73000CEA6C8 /* RSConstants.h */ = {isa = PBXFileReference; fileEncoding = 4; lastKnownFileType = sourcecode.c.h; name = RSConstants.h; path = RSCore/RSConstants.h; sourceTree = "<group>"; };
		84CFF5151AC3C73000CEA6C8 /* RSConstants.m */ = {isa = PBXFileReference; fileEncoding = 4; lastKnownFileType = sourcecode.c.objc; name = RSConstants.m; path = RSCore/RSConstants.m; sourceTree = "<group>"; };
		84CFF5181AC3C77500CEA6C8 /* RSPlatform.h */ = {isa = PBXFileReference; fileEncoding = 4; lastKnownFileType = sourcecode.c.h; name = RSPlatform.h; path = RSCore/RSPlatform.h; sourceTree = "<group>"; };
		84CFF5191AC3C77500CEA6C8 /* RSPlatform.m */ = {isa = PBXFileReference; fileEncoding = 4; lastKnownFileType = sourcecode.c.objc; name = RSPlatform.m; path = RSCore/RSPlatform.m; sourceTree = "<group>"; };
		84CFF5201AC3C89D00CEA6C8 /* NSObject+RSCore.h */ = {isa = PBXFileReference; fileEncoding = 4; lastKnownFileType = sourcecode.c.h; path = "NSObject+RSCore.h"; sourceTree = "<group>"; };
		84CFF5211AC3C89D00CEA6C8 /* NSObject+RSCore.m */ = {isa = PBXFileReference; fileEncoding = 4; lastKnownFileType = sourcecode.c.objc; path = "NSObject+RSCore.m"; sourceTree = "<group>"; };
		84CFF5251AC3C9A200CEA6C8 /* NSArray+RSCore.h */ = {isa = PBXFileReference; fileEncoding = 4; lastKnownFileType = sourcecode.c.h; path = "NSArray+RSCore.h"; sourceTree = "<group>"; };
		84CFF5261AC3C9A200CEA6C8 /* NSArray+RSCore.m */ = {isa = PBXFileReference; fileEncoding = 4; lastKnownFileType = sourcecode.c.objc; path = "NSArray+RSCore.m"; sourceTree = "<group>"; };
		84CFF5291AC3CA9700CEA6C8 /* NSData+RSCore.h */ = {isa = PBXFileReference; fileEncoding = 4; lastKnownFileType = sourcecode.c.h; path = "NSData+RSCore.h"; sourceTree = "<group>"; };
		84CFF52A1AC3CA9700CEA6C8 /* NSData+RSCore.m */ = {isa = PBXFileReference; fileEncoding = 4; lastKnownFileType = sourcecode.c.objc; path = "NSData+RSCore.m"; sourceTree = "<group>"; };
		84CFF52D1AC3CB1900CEA6C8 /* NSDate+RSCore.h */ = {isa = PBXFileReference; fileEncoding = 4; lastKnownFileType = sourcecode.c.h; path = "NSDate+RSCore.h"; sourceTree = "<group>"; };
		84CFF52E1AC3CB1900CEA6C8 /* NSDate+RSCore.m */ = {isa = PBXFileReference; fileEncoding = 4; lastKnownFileType = sourcecode.c.objc; path = "NSDate+RSCore.m"; sourceTree = "<group>"; };
		84CFF5311AC3CB6800CEA6C8 /* NSDictionary+RSCore.h */ = {isa = PBXFileReference; fileEncoding = 4; lastKnownFileType = sourcecode.c.h; path = "NSDictionary+RSCore.h"; sourceTree = "<group>"; };
		84CFF5321AC3CB6800CEA6C8 /* NSDictionary+RSCore.m */ = {isa = PBXFileReference; fileEncoding = 4; lastKnownFileType = sourcecode.c.objc; path = "NSDictionary+RSCore.m"; sourceTree = "<group>"; };
		84CFF5351AC3CBB200CEA6C8 /* NSMutableArray+RSCore.h */ = {isa = PBXFileReference; fileEncoding = 4; lastKnownFileType = sourcecode.c.h; path = "NSMutableArray+RSCore.h"; sourceTree = "<group>"; };
		84CFF5361AC3CBB200CEA6C8 /* NSMutableArray+RSCore.m */ = {isa = PBXFileReference; fileEncoding = 4; lastKnownFileType = sourcecode.c.objc; path = "NSMutableArray+RSCore.m"; sourceTree = "<group>"; };
		84CFF5391AC3CCCA00CEA6C8 /* NSMutableDictionary+RSCore.h */ = {isa = PBXFileReference; fileEncoding = 4; lastKnownFileType = sourcecode.c.h; path = "NSMutableDictionary+RSCore.h"; sourceTree = "<group>"; };
		84CFF53A1AC3CCCA00CEA6C8 /* NSMutableDictionary+RSCore.m */ = {isa = PBXFileReference; fileEncoding = 4; lastKnownFileType = sourcecode.c.objc; path = "NSMutableDictionary+RSCore.m"; sourceTree = "<group>"; };
		84CFF53D1AC3CD0100CEA6C8 /* NSMutableSet+RSCore.h */ = {isa = PBXFileReference; fileEncoding = 4; lastKnownFileType = sourcecode.c.h; path = "NSMutableSet+RSCore.h"; sourceTree = "<group>"; };
		84CFF53E1AC3CD0100CEA6C8 /* NSMutableSet+RSCore.m */ = {isa = PBXFileReference; fileEncoding = 4; lastKnownFileType = sourcecode.c.objc; path = "NSMutableSet+RSCore.m"; sourceTree = "<group>"; };
		84CFF5411AC3CD3500CEA6C8 /* NSNotificationCenter+RSCore.h */ = {isa = PBXFileReference; fileEncoding = 4; lastKnownFileType = sourcecode.c.h; path = "NSNotificationCenter+RSCore.h"; sourceTree = "<group>"; };
		84CFF5421AC3CD3500CEA6C8 /* NSNotificationCenter+RSCore.m */ = {isa = PBXFileReference; fileEncoding = 4; lastKnownFileType = sourcecode.c.objc; path = "NSNotificationCenter+RSCore.m"; sourceTree = "<group>"; };
		84CFF5451AC3CD8000CEA6C8 /* NSTimer+RSCore.h */ = {isa = PBXFileReference; fileEncoding = 4; lastKnownFileType = sourcecode.c.h; path = "NSTimer+RSCore.h"; sourceTree = "<group>"; };
		84CFF5461AC3CD8000CEA6C8 /* NSTimer+RSCore.m */ = {isa = PBXFileReference; fileEncoding = 4; lastKnownFileType = sourcecode.c.objc; path = "NSTimer+RSCore.m"; sourceTree = "<group>"; };
		84CFF5491AC3CDAC00CEA6C8 /* NSString+RSCore.h */ = {isa = PBXFileReference; fileEncoding = 4; lastKnownFileType = sourcecode.c.h; path = "NSString+RSCore.h"; sourceTree = "<group>"; };
		84CFF54A1AC3CDAC00CEA6C8 /* NSString+RSCore.m */ = {isa = PBXFileReference; fileEncoding = 4; lastKnownFileType = sourcecode.c.objc; path = "NSString+RSCore.m"; sourceTree = "<group>"; };
		84CFF5511AC3CF4700CEA6C8 /* NSColor+RSCore.h */ = {isa = PBXFileReference; fileEncoding = 4; lastKnownFileType = sourcecode.c.h; path = "NSColor+RSCore.h"; sourceTree = "<group>"; };
		84CFF5521AC3CF4700CEA6C8 /* NSColor+RSCore.m */ = {isa = PBXFileReference; fileEncoding = 4; lastKnownFileType = sourcecode.c.objc; path = "NSColor+RSCore.m"; sourceTree = "<group>"; };
		84CFF5561AC3CF9100CEA6C8 /* NSView+RSCore.h */ = {isa = PBXFileReference; fileEncoding = 4; lastKnownFileType = sourcecode.c.h; path = "NSView+RSCore.h"; sourceTree = "<group>"; };
		84CFF5571AC3CF9100CEA6C8 /* NSView+RSCore.m */ = {isa = PBXFileReference; fileEncoding = 4; lastKnownFileType = sourcecode.c.objc; path = "NSView+RSCore.m"; sourceTree = "<group>"; };
		84CFF55A1AC3D01F00CEA6C8 /* RSBackgroundColorView.h */ = {isa = PBXFileReference; fileEncoding = 4; lastKnownFileType = sourcecode.c.h; path = RSBackgroundColorView.h; sourceTree = "<group>"; };
		84CFF55B1AC3D01F00CEA6C8 /* RSBackgroundColorView.m */ = {isa = PBXFileReference; fileEncoding = 4; lastKnownFileType = sourcecode.c.objc; path = RSBackgroundColorView.m; sourceTree = "<group>"; };
		84CFF5621AC3D13C00CEA6C8 /* RSImageRenderer.h */ = {isa = PBXFileReference; fileEncoding = 4; lastKnownFileType = sourcecode.c.h; path = RSImageRenderer.h; sourceTree = "<group>"; };
		84CFF5631AC3D13C00CEA6C8 /* RSImageRenderer.m */ = {isa = PBXFileReference; fileEncoding = 4; lastKnownFileType = sourcecode.c.objc; path = RSImageRenderer.m; sourceTree = "<group>"; };
		84CFF5671AC3D1B000CEA6C8 /* RSScaling.h */ = {isa = PBXFileReference; fileEncoding = 4; lastKnownFileType = sourcecode.c.h; path = RSScaling.h; sourceTree = "<group>"; };
		84CFF5681AC3D1B000CEA6C8 /* RSScaling.m */ = {isa = PBXFileReference; fileEncoding = 4; lastKnownFileType = sourcecode.c.objc; path = RSScaling.m; sourceTree = "<group>"; };
		84CFF56B1AC3D20A00CEA6C8 /* NSImage+RSCore.h */ = {isa = PBXFileReference; fileEncoding = 4; lastKnownFileType = sourcecode.c.h; path = "NSImage+RSCore.h"; sourceTree = "<group>"; };
		84CFF56C1AC3D20A00CEA6C8 /* NSImage+RSCore.m */ = {isa = PBXFileReference; fileEncoding = 4; lastKnownFileType = sourcecode.c.objc; path = "NSImage+RSCore.m"; sourceTree = "<group>"; };
		84D5BA1D201E87E2009092BD /* URLPasteboardWriter.swift */ = {isa = PBXFileReference; lastKnownFileType = sourcecode.swift; name = URLPasteboardWriter.swift; path = AppKit/URLPasteboardWriter.swift; sourceTree = "<group>"; };
		84E185C4203BEA7900F69BFA /* NSAttributedString+RSCore.h */ = {isa = PBXFileReference; lastKnownFileType = sourcecode.c.h; name = "NSAttributedString+RSCore.h"; path = "AppKit/NSAttributedString+RSCore.h"; sourceTree = "<group>"; };
		84E185C5203BEA7900F69BFA /* NSAttributedString+RSCore.m */ = {isa = PBXFileReference; lastKnownFileType = sourcecode.c.objc; name = "NSAttributedString+RSCore.m"; path = "AppKit/NSAttributedString+RSCore.m"; sourceTree = "<group>"; };
		84E34DA51F9FA1070077082F /* UndoableCommand.swift */ = {isa = PBXFileReference; lastKnownFileType = sourcecode.swift; name = UndoableCommand.swift; path = RSCore/UndoableCommand.swift; sourceTree = "<group>"; };
		84E8E0D8202EC39800562D8F /* NSMenu+Extensions.swift */ = {isa = PBXFileReference; lastKnownFileType = sourcecode.swift; name = "NSMenu+Extensions.swift"; path = "AppKit/NSMenu+Extensions.swift"; sourceTree = "<group>"; };
		84F20F821F16BA6200D8E682 /* PropertyList.swift */ = {isa = PBXFileReference; lastKnownFileType = sourcecode.swift; path = PropertyList.swift; sourceTree = "<group>"; };
		84FE9FC11C00453900081CE9 /* NSStoryboard+RSCore.h */ = {isa = PBXFileReference; fileEncoding = 4; lastKnownFileType = sourcecode.c.h; path = "NSStoryboard+RSCore.h"; sourceTree = "<group>"; };
		84FE9FC21C00453900081CE9 /* NSStoryboard+RSCore.m */ = {isa = PBXFileReference; fileEncoding = 4; lastKnownFileType = sourcecode.c.objc; path = "NSStoryboard+RSCore.m"; sourceTree = "<group>"; };
		84FEB4AB1D19D7F4004727E5 /* Date+Extensions.swift */ = {isa = PBXFileReference; fileEncoding = 4; lastKnownFileType = sourcecode.swift; path = "Date+Extensions.swift"; sourceTree = "<group>"; };
		D511EEFD20242E4C00712EC3 /* RSCore_target.xcconfig */ = {isa = PBXFileReference; lastKnownFileType = text.xcconfig; path = RSCore_target.xcconfig; sourceTree = "<group>"; };
		D511EEFE20242E4C00712EC3 /* RSCore_project.xcconfig */ = {isa = PBXFileReference; lastKnownFileType = text.xcconfig; path = RSCore_project.xcconfig; sourceTree = "<group>"; };
		D511EEFF20242E4C00712EC3 /* RSCoreTests_target.xcconfig */ = {isa = PBXFileReference; lastKnownFileType = text.xcconfig; path = RSCoreTests_target.xcconfig; sourceTree = "<group>"; };
		D511EF0020242E4C00712EC3 /* RSCore_project_release.xcconfig */ = {isa = PBXFileReference; lastKnownFileType = text.xcconfig; path = RSCore_project_release.xcconfig; sourceTree = "<group>"; };
		D511EF0120242E4C00712EC3 /* RSCore_project_debug.xcconfig */ = {isa = PBXFileReference; lastKnownFileType = text.xcconfig; path = RSCore_project_debug.xcconfig; sourceTree = "<group>"; };
		D511EF2620243B6300712EC3 /* RSCore_mac_target.xcconfig */ = {isa = PBXFileReference; lastKnownFileType = text.xcconfig; path = RSCore_mac_target.xcconfig; sourceTree = "<group>"; };
		D511EF2720243B6300712EC3 /* RSCore_ios_target.xcconfig */ = {isa = PBXFileReference; lastKnownFileType = text.xcconfig; path = RSCore_ios_target.xcconfig; sourceTree = "<group>"; };
		D511EF2A202446E300712EC3 /* RSCore_ios_target_debug.xcconfig */ = {isa = PBXFileReference; lastKnownFileType = text.xcconfig; path = RSCore_ios_target_debug.xcconfig; sourceTree = "<group>"; };
		D511EF2B202446E300712EC3 /* RSCore_ios_target_release.xcconfig */ = {isa = PBXFileReference; lastKnownFileType = text.xcconfig; path = RSCore_ios_target_release.xcconfig; sourceTree = "<group>"; };
/* End PBXFileReference section */

/* Begin PBXFrameworksBuildPhase section */
		842DD7B81E14993900E061EB /* Frameworks */ = {
			isa = PBXFrameworksBuildPhase;
			buildActionMask = 2147483647;
			files = (
			);
			runOnlyForDeploymentPostprocessing = 0;
		};
		84CFF4F01AC3C69700CEA6C8 /* Frameworks */ = {
			isa = PBXFrameworksBuildPhase;
			buildActionMask = 2147483647;
			files = (
			);
			runOnlyForDeploymentPostprocessing = 0;
		};
		84CFF4FC1AC3C69700CEA6C8 /* Frameworks */ = {
			isa = PBXFrameworksBuildPhase;
			buildActionMask = 2147483647;
			files = (
				84CFF5001AC3C69700CEA6C8 /* RSCore.framework in Frameworks */,
			);
			runOnlyForDeploymentPostprocessing = 0;
		};
/* End PBXFrameworksBuildPhase section */

/* Begin PBXGroup section */
		842DD7BD1E14993900E061EB /* RSCoreiOS */ = {
			isa = PBXGroup;
			children = (
				842DD7BF1E14993900E061EB /* Info.plist */,
			);
			path = RSCoreiOS;
			sourceTree = "<group>";
		};
		842DD7F91E1499FA00E061EB /* Views */ = {
			isa = PBXGroup;
			children = (
				84CFF55A1AC3D01F00CEA6C8 /* RSBackgroundColorView.h */,
				84CFF55B1AC3D01F00CEA6C8 /* RSBackgroundColorView.m */,
				844F91D31D90D86100820C48 /* RSTransparentContainerView.h */,
				844F91D41D90D86100820C48 /* RSTransparentContainerView.m */,
				8417FE001AC67D430048E9B7 /* RSOpaqueContainerView.h */,
				8417FE011AC67D430048E9B7 /* RSOpaqueContainerView.m */,
			);
			name = Views;
			sourceTree = "<group>";
		};
		84CFF4EA1AC3C69700CEA6C8 = {
			isa = PBXGroup;
			children = (
				84CFF4F91AC3C69700CEA6C8 /* RSCore.h */,
				84CFF5101AC3C6D800CEA6C8 /* RSBlocks.h */,
				84CFF5111AC3C6D800CEA6C8 /* RSBlocks.m */,
				84CFF5141AC3C73000CEA6C8 /* RSConstants.h */,
				84CFF5151AC3C73000CEA6C8 /* RSConstants.m */,
				84CFF5181AC3C77500CEA6C8 /* RSPlatform.h */,
				84CFF5191AC3C77500CEA6C8 /* RSPlatform.m */,
				845A291E1FC8BC49007B49E3 /* BinaryDiskCache.swift */,
				844C91591B65753E0051FC1B /* RSPlist.h */,
				844C915A1B65753E0051FC1B /* RSPlist.m */,
				8453F7DC1BDF337800B1C8ED /* RSMacroProcessor.h */,
				8453F7DD1BDF337800B1C8ED /* RSMacroProcessor.m */,
				84B99C931FAE64D400ECDEDB /* DisplayNameProvider.swift */,
				84B99C991FAE650100ECDEDB /* OPMLRepresentable.swift */,
				84A835891D4EC7B80004C598 /* PlistProviderProtocol.swift */,
				842E45CB1ED623C7000A8B52 /* UniqueIdentifier.swift */,
				84E34DA51F9FA1070077082F /* UndoableCommand.swift */,
				8402047D1FBCE77900D94C1A /* BatchUpdate.swift */,
				848F6AE81FC2BC50002D422E /* ThreadSafeCache.swift */,
				844B5B561FE9D36000C7C76A /* Keyboard.swift */,
				84AD1EA420315A8700BC20B7 /* PasteboardWriterOwner.swift */,
				84C326862038C9F6006A025C /* CoalescingQueue.swift */,
				84CFF5241AC3C8A200CEA6C8 /* Foundation */,
				84CFF5551AC3CF4A00CEA6C8 /* AppKit */,
				84CFF5661AC3D13F00CEA6C8 /* Images */,
				84CFF4F81AC3C69700CEA6C8 /* Info.plist */,
				84CFF5031AC3C69700CEA6C8 /* RSCoreTests */,
				842DD7BD1E14993900E061EB /* RSCoreiOS */,
				84CFF4F51AC3C69700CEA6C8 /* Products */,
				D511EEFC20242E4C00712EC3 /* xcconfig */,
			);
			sourceTree = "<group>";
		};
		84CFF4F51AC3C69700CEA6C8 /* Products */ = {
			isa = PBXGroup;
			children = (
				84CFF4F41AC3C69700CEA6C8 /* RSCore.framework */,
				84CFF4FF1AC3C69700CEA6C8 /* RSCoreTests.xctest */,
				842DD7BC1E14993900E061EB /* RSCore.framework */,
			);
			name = Products;
			sourceTree = "<group>";
		};
		84CFF5031AC3C69700CEA6C8 /* RSCoreTests */ = {
			isa = PBXGroup;
			children = (
				84CFF5061AC3C69700CEA6C8 /* RSCoreTests.m */,
				84B890551C59CF1600D8BF23 /* NSString+ExtrasTests.m */,
				84CFF5041AC3C69700CEA6C8 /* Supporting Files */,
			);
			path = RSCoreTests;
			sourceTree = "<group>";
		};
		84CFF5041AC3C69700CEA6C8 /* Supporting Files */ = {
			isa = PBXGroup;
			children = (
				84CFF5051AC3C69700CEA6C8 /* Info.plist */,
			);
			name = "Supporting Files";
			sourceTree = "<group>";
		};
		84CFF5241AC3C8A200CEA6C8 /* Foundation */ = {
			isa = PBXGroup;
			children = (
				84CFF5251AC3C9A200CEA6C8 /* NSArray+RSCore.h */,
				84CFF5261AC3C9A200CEA6C8 /* NSArray+RSCore.m */,
				84134D1D1C59D5450063FD24 /* NSCalendar+RSCore.h */,
				84134D1E1C59D5450063FD24 /* NSCalendar+RSCore.m */,
				84CFF5291AC3CA9700CEA6C8 /* NSData+RSCore.h */,
				84CFF52A1AC3CA9700CEA6C8 /* NSData+RSCore.m */,
				84CFF52D1AC3CB1900CEA6C8 /* NSDate+RSCore.h */,
				84CFF52E1AC3CB1900CEA6C8 /* NSDate+RSCore.m */,
				84CFF5311AC3CB6800CEA6C8 /* NSDictionary+RSCore.h */,
				84CFF5321AC3CB6800CEA6C8 /* NSDictionary+RSCore.m */,
				84536F641BB856D4001E1639 /* NSFileManager+RSCore.h */,
				84536F651BB856D4001E1639 /* NSFileManager+RSCore.m */,
				84CFF5351AC3CBB200CEA6C8 /* NSMutableArray+RSCore.h */,
				84CFF5361AC3CBB200CEA6C8 /* NSMutableArray+RSCore.m */,
				84CFF5391AC3CCCA00CEA6C8 /* NSMutableDictionary+RSCore.h */,
				84CFF53A1AC3CCCA00CEA6C8 /* NSMutableDictionary+RSCore.m */,
				84CFF53D1AC3CD0100CEA6C8 /* NSMutableSet+RSCore.h */,
				84CFF53E1AC3CD0100CEA6C8 /* NSMutableSet+RSCore.m */,
				84CFF5411AC3CD3500CEA6C8 /* NSNotificationCenter+RSCore.h */,
				84CFF5421AC3CD3500CEA6C8 /* NSNotificationCenter+RSCore.m */,
				84CFF5201AC3C89D00CEA6C8 /* NSObject+RSCore.h */,
				84CFF5211AC3C89D00CEA6C8 /* NSObject+RSCore.m */,
				845DE0F11B80477100D1571B /* NSSet+RSCore.h */,
				845DE0F21B80477100D1571B /* NSSet+RSCore.m */,
				84CFF5491AC3CDAC00CEA6C8 /* NSString+RSCore.h */,
				84CFF54A1AC3CDAC00CEA6C8 /* NSString+RSCore.m */,
				84CFF5451AC3CD8000CEA6C8 /* NSTimer+RSCore.h */,
				84CFF5461AC3CD8000CEA6C8 /* NSTimer+RSCore.m */,
				849EE72420393AEA0082A1EA /* Array+RSCore.swift */,
				84FEB4AB1D19D7F4004727E5 /* Date+Extensions.swift */,
				84BB45421D6909C700B48537 /* NSMutableDictionary-Extensions.swift */,
				8414CBA61C95F2EA00333C12 /* Set+Extensions.swift */,
				84F20F821F16BA6200D8E682 /* PropertyList.swift */,
			);
			name = Foundation;
			path = RSCore;
			sourceTree = "<group>";
		};
		84CFF5551AC3CF4A00CEA6C8 /* AppKit */ = {
			isa = PBXGroup;
			children = (
				84CFF5511AC3CF4700CEA6C8 /* NSColor+RSCore.h */,
				84C6329E200D30F1007BEEAA /* NSAppleEventDescriptor+RSCore.h */,
				84C6329F200D30F1007BEEAA /* NSAppleEventDescriptor+RSCore.m */,
				84E185C4203BEA7900F69BFA /* NSAttributedString+RSCore.h */,
				84E185C5203BEA7900F69BFA /* NSAttributedString+RSCore.m */,
				84C632A2200D356E007BEEAA /* SendToBlogEditorApp.h */,
				84C632A3200D356E007BEEAA /* SendToBlogEditorApp.m */,
				84CFF5521AC3CF4700CEA6C8 /* NSColor+RSCore.m */,
				8415CB881BF84D24007B1E98 /* NSEvent+RSCore.h */,
				8415CB891BF84D24007B1E98 /* NSEvent+RSCore.m */,
				84CFF56B1AC3D20A00CEA6C8 /* NSImage+RSCore.h */,
				84CFF56C1AC3D20A00CEA6C8 /* NSImage+RSCore.m */,
				84E8E0D8202EC39800562D8F /* NSMenu+Extensions.swift */,
				842635581D7FA24800196285 /* NSOutlineView+Extensions.swift */,
				849B08951BF7BCE30090CEE4 /* NSPasteboard+RSCore.h */,
				849B08961BF7BCE30090CEE4 /* NSPasteboard+RSCore.m */,
				8432B1851DACA0E90057D6DF /* NSResponder-Extensions.swift */,
				84FE9FC11C00453900081CE9 /* NSStoryboard+RSCore.h */,
				84FE9FC21C00453900081CE9 /* NSStoryboard+RSCore.m */,
				842635561D7FA1C800196285 /* NSTableView+Extensions.swift */,
				849A339B1AC90A0A0015BA09 /* NSTableView+RSCore.h */,
				849A339C1AC90A0A0015BA09 /* NSTableView+RSCore.m */,
				849EE72220393A750082A1EA /* NSToolbar+RSCore.swift */,
				84CFF5561AC3CF9100CEA6C8 /* NSView+RSCore.h */,
				84CFF5571AC3CF9100CEA6C8 /* NSView+RSCore.m */,
				8432B1871DACA2060057D6DF /* NSWindow-Extensions.swift */,
				849EE70C2039187D0082A1EA /* NSWindowController+RSCore.swift */,
				8414CBA91C95F8F700333C12 /* RSGeometry.h */,
				8414CBAA1C95F8F700333C12 /* RSGeometry.m */,
				8461387E1DB3F5BE00048B83 /* RSToolbarItem.swift */,
				8479213B1FBA426B004AD08C /* WebViewWindow.xib */,
				8479213D1FBA4285004AD08C /* WebViewWindowController.swift */,
				84C6872F1FBAA30800345C9E /* LogWindow.xib */,
				84C687311FBAA3DF00345C9E /* LogWindowController.swift */,
				84C687341FBC025600345C9E /* Log.swift */,
				84C687371FBC028900345C9E /* LogItem.swift */,
				8434D15B200BD6F400D6281E /* UserApp.swift */,
				84D5BA1D201E87E2009092BD /* URLPasteboardWriter.swift */,
				84AD1EA720315BA900BC20B7 /* NSPasteboard+RSCore.swift */,
				842DD7F91E1499FA00E061EB /* Views */,
			);
			name = AppKit;
			path = RSCore;
			sourceTree = "<group>";
		};
		84CFF5661AC3D13F00CEA6C8 /* Images */ = {
			isa = PBXGroup;
			children = (
				84CFF5621AC3D13C00CEA6C8 /* RSImageRenderer.h */,
				84CFF5631AC3D13C00CEA6C8 /* RSImageRenderer.m */,
				84CFF5671AC3D1B000CEA6C8 /* RSScaling.h */,
				84CFF5681AC3D1B000CEA6C8 /* RSScaling.m */,
				84411E721FE5FFC3004B527F /* NSImage+RSCore.swift */,
			);
			name = Images;
			path = RSCore;
			sourceTree = "<group>";
		};
		D511EEFC20242E4C00712EC3 /* xcconfig */ = {
			isa = PBXGroup;
			children = (
				D511EEFE20242E4C00712EC3 /* RSCore_project.xcconfig */,
				D511EF0120242E4C00712EC3 /* RSCore_project_debug.xcconfig */,
				D511EF0020242E4C00712EC3 /* RSCore_project_release.xcconfig */,
				D511EEFD20242E4C00712EC3 /* RSCore_target.xcconfig */,
				D511EF2620243B6300712EC3 /* RSCore_mac_target.xcconfig */,
				D511EF2720243B6300712EC3 /* RSCore_ios_target.xcconfig */,
				D511EF2A202446E300712EC3 /* RSCore_ios_target_debug.xcconfig */,
				D511EF2B202446E300712EC3 /* RSCore_ios_target_release.xcconfig */,
				D511EEFF20242E4C00712EC3 /* RSCoreTests_target.xcconfig */,
			);
			path = xcconfig;
			sourceTree = "<group>";
		};
/* End PBXGroup section */

/* Begin PBXHeadersBuildPhase section */
		842DD7B91E14993900E061EB /* Headers */ = {
			isa = PBXHeadersBuildPhase;
			buildActionMask = 2147483647;
			files = (
				842DD7E21E14996300E061EB /* NSMutableArray+RSCore.h in Headers */,
				842DD7E81E14996300E061EB /* NSNotificationCenter+RSCore.h in Headers */,
				842DD7DA1E14996300E061EB /* NSData+RSCore.h in Headers */,
				842DD7EE1E14996300E061EB /* NSString+RSCore.h in Headers */,
				842DD7C91E14995C00E061EB /* RSPlatform.h in Headers */,
				842DD7F51E14997600E061EB /* RSImageRenderer.h in Headers */,
				842DD7EC1E14996300E061EB /* NSSet+RSCore.h in Headers */,
				842DD7C41E14995000E061EB /* RSCore.h in Headers */,
				842DD7F71E14997600E061EB /* RSScaling.h in Headers */,
				842DD7C71E14995C00E061EB /* RSConstants.h in Headers */,
				842DD7D81E14996300E061EB /* NSCalendar+RSCore.h in Headers */,
				842DD7EA1E14996300E061EB /* NSObject+RSCore.h in Headers */,
				842DD7CD1E14995C00E061EB /* RSPlist.h in Headers */,
				842DD7C51E14995C00E061EB /* RSBlocks.h in Headers */,
				842DD7E01E14996300E061EB /* NSFileManager+RSCore.h in Headers */,
				842DD7E61E14996300E061EB /* NSMutableSet+RSCore.h in Headers */,
				842DD7D61E14996300E061EB /* NSArray+RSCore.h in Headers */,
				842DD7E41E14996300E061EB /* NSMutableDictionary+RSCore.h in Headers */,
				842DD7DE1E14996300E061EB /* NSDictionary+RSCore.h in Headers */,
				842DD7CF1E14995C00E061EB /* RSMacroProcessor.h in Headers */,
				842DD7DC1E14996300E061EB /* NSDate+RSCore.h in Headers */,
				842DD7F01E14996300E061EB /* NSTimer+RSCore.h in Headers */,
			);
			runOnlyForDeploymentPostprocessing = 0;
		};
		84CFF4F11AC3C69700CEA6C8 /* Headers */ = {
			isa = PBXHeadersBuildPhase;
			buildActionMask = 2147483647;
			files = (
				84CFF5691AC3D1B000CEA6C8 /* RSScaling.h in Headers */,
				84CFF53B1AC3CCCA00CEA6C8 /* NSMutableDictionary+RSCore.h in Headers */,
				84CFF5581AC3CF9100CEA6C8 /* NSView+RSCore.h in Headers */,
				84CFF5221AC3C89D00CEA6C8 /* NSObject+RSCore.h in Headers */,
				84134D1F1C59D5450063FD24 /* NSCalendar+RSCore.h in Headers */,
				849A339D1AC90A0A0015BA09 /* NSTableView+RSCore.h in Headers */,
				84CFF52B1AC3CA9700CEA6C8 /* NSData+RSCore.h in Headers */,
				84CFF51A1AC3C77500CEA6C8 /* RSPlatform.h in Headers */,
				8417FE021AC67D430048E9B7 /* RSOpaqueContainerView.h in Headers */,
				84CFF5371AC3CBB200CEA6C8 /* NSMutableArray+RSCore.h in Headers */,
				84CFF5641AC3D13C00CEA6C8 /* RSImageRenderer.h in Headers */,
				84CFF5271AC3C9A200CEA6C8 /* NSArray+RSCore.h in Headers */,
				84CFF5531AC3CF4700CEA6C8 /* NSColor+RSCore.h in Headers */,
				84CFF4FA1AC3C69700CEA6C8 /* RSCore.h in Headers */,
				84E185C6203BEA7900F69BFA /* NSAttributedString+RSCore.h in Headers */,
				844F91D51D90D86100820C48 /* RSTransparentContainerView.h in Headers */,
				84CFF53F1AC3CD0100CEA6C8 /* NSMutableSet+RSCore.h in Headers */,
				84C632A0200D30F1007BEEAA /* NSAppleEventDescriptor+RSCore.h in Headers */,
				84CFF5121AC3C6D800CEA6C8 /* RSBlocks.h in Headers */,
				84CFF56D1AC3D20A00CEA6C8 /* NSImage+RSCore.h in Headers */,
				84CFF5471AC3CD8000CEA6C8 /* NSTimer+RSCore.h in Headers */,
				84CFF5331AC3CB6800CEA6C8 /* NSDictionary+RSCore.h in Headers */,
				84CFF54B1AC3CDAC00CEA6C8 /* NSString+RSCore.h in Headers */,
				84CFF55C1AC3D01F00CEA6C8 /* RSBackgroundColorView.h in Headers */,
				84CFF5161AC3C73000CEA6C8 /* RSConstants.h in Headers */,
				84536F661BB856D4001E1639 /* NSFileManager+RSCore.h in Headers */,
				84CFF52F1AC3CB1900CEA6C8 /* NSDate+RSCore.h in Headers */,
				8414CBAB1C95F8F700333C12 /* RSGeometry.h in Headers */,
				845DE0F31B80477100D1571B /* NSSet+RSCore.h in Headers */,
				84C632A4200D356E007BEEAA /* SendToBlogEditorApp.h in Headers */,
				844C915B1B65753E0051FC1B /* RSPlist.h in Headers */,
				8453F7DE1BDF337800B1C8ED /* RSMacroProcessor.h in Headers */,
				8415CB8A1BF84D24007B1E98 /* NSEvent+RSCore.h in Headers */,
				849B08971BF7BCE30090CEE4 /* NSPasteboard+RSCore.h in Headers */,
				84FE9FC31C00453900081CE9 /* NSStoryboard+RSCore.h in Headers */,
				84CFF5431AC3CD3500CEA6C8 /* NSNotificationCenter+RSCore.h in Headers */,
			);
			runOnlyForDeploymentPostprocessing = 0;
		};
/* End PBXHeadersBuildPhase section */

/* Begin PBXNativeTarget section */
		842DD7BB1E14993900E061EB /* RSCoreiOS */ = {
			isa = PBXNativeTarget;
			buildConfigurationList = 842DD7C11E14993900E061EB /* Build configuration list for PBXNativeTarget "RSCoreiOS" */;
			buildPhases = (
				842DD7B71E14993900E061EB /* Sources */,
				842DD7B81E14993900E061EB /* Frameworks */,
				842DD7B91E14993900E061EB /* Headers */,
				842DD7BA1E14993900E061EB /* Resources */,
			);
			buildRules = (
			);
			dependencies = (
			);
			name = RSCoreiOS;
			productName = RSCoreiOS;
			productReference = 842DD7BC1E14993900E061EB /* RSCore.framework */;
			productType = "com.apple.product-type.framework";
		};
		84CFF4F31AC3C69700CEA6C8 /* RSCore */ = {
			isa = PBXNativeTarget;
			buildConfigurationList = 84CFF50A1AC3C69700CEA6C8 /* Build configuration list for PBXNativeTarget "RSCore" */;
			buildPhases = (
				84CFF4EF1AC3C69700CEA6C8 /* Sources */,
				84CFF4F01AC3C69700CEA6C8 /* Frameworks */,
				84CFF4F11AC3C69700CEA6C8 /* Headers */,
				84CFF4F21AC3C69700CEA6C8 /* Resources */,
			);
			buildRules = (
			);
			dependencies = (
			);
			name = RSCore;
			productName = RSCore;
			productReference = 84CFF4F41AC3C69700CEA6C8 /* RSCore.framework */;
			productType = "com.apple.product-type.framework";
		};
		84CFF4FE1AC3C69700CEA6C8 /* RSCoreTests */ = {
			isa = PBXNativeTarget;
			buildConfigurationList = 84CFF50D1AC3C69700CEA6C8 /* Build configuration list for PBXNativeTarget "RSCoreTests" */;
			buildPhases = (
				84CFF4FB1AC3C69700CEA6C8 /* Sources */,
				84CFF4FC1AC3C69700CEA6C8 /* Frameworks */,
				84CFF4FD1AC3C69700CEA6C8 /* Resources */,
			);
			buildRules = (
			);
			dependencies = (
				84CFF5021AC3C69700CEA6C8 /* PBXTargetDependency */,
			);
			name = RSCoreTests;
			productName = RSCoreTests;
			productReference = 84CFF4FF1AC3C69700CEA6C8 /* RSCoreTests.xctest */;
			productType = "com.apple.product-type.bundle.unit-test";
		};
/* End PBXNativeTarget section */

/* Begin PBXProject section */
		84CFF4EB1AC3C69700CEA6C8 /* Project object */ = {
			isa = PBXProject;
			attributes = {
				LastSwiftUpdateCheck = 0720;
				LastUpgradeCheck = 0930;
				ORGANIZATIONNAME = "Ranchero Software, LLC";
				TargetAttributes = {
					842DD7BB1E14993900E061EB = {
						CreatedOnToolsVersion = 8.2.1;
						DevelopmentTeam = 9C84TZ7Q6Z;
						LastSwiftMigration = 0820;
						ProvisioningStyle = Automatic;
					};
					84CFF4F31AC3C69700CEA6C8 = {
						CreatedOnToolsVersion = 6.2;
						DevelopmentTeam = 9C84TZ7Q6Z;
						LastSwiftMigration = 0800;
					};
					84CFF4FE1AC3C69700CEA6C8 = {
						CreatedOnToolsVersion = 6.2;
						LastSwiftMigration = 0800;
					};
				};
			};
			buildConfigurationList = 84CFF4EE1AC3C69700CEA6C8 /* Build configuration list for PBXProject "RSCore" */;
			compatibilityVersion = "Xcode 3.2";
			developmentRegion = English;
			hasScannedForEncodings = 0;
			knownRegions = (
				en,
			);
			mainGroup = 84CFF4EA1AC3C69700CEA6C8;
			productRefGroup = 84CFF4F51AC3C69700CEA6C8 /* Products */;
			projectDirPath = "";
			projectRoot = "";
			targets = (
				84CFF4F31AC3C69700CEA6C8 /* RSCore */,
				84CFF4FE1AC3C69700CEA6C8 /* RSCoreTests */,
				842DD7BB1E14993900E061EB /* RSCoreiOS */,
			);
		};
/* End PBXProject section */

/* Begin PBXResourcesBuildPhase section */
		842DD7BA1E14993900E061EB /* Resources */ = {
			isa = PBXResourcesBuildPhase;
			buildActionMask = 2147483647;
			files = (
			);
			runOnlyForDeploymentPostprocessing = 0;
		};
		84CFF4F21AC3C69700CEA6C8 /* Resources */ = {
			isa = PBXResourcesBuildPhase;
			buildActionMask = 2147483647;
			files = (
				84C687301FBAA30800345C9E /* LogWindow.xib in Resources */,
				8479213C1FBA426B004AD08C /* WebViewWindow.xib in Resources */,
			);
			runOnlyForDeploymentPostprocessing = 0;
		};
		84CFF4FD1AC3C69700CEA6C8 /* Resources */ = {
			isa = PBXResourcesBuildPhase;
			buildActionMask = 2147483647;
			files = (
			);
			runOnlyForDeploymentPostprocessing = 0;
		};
/* End PBXResourcesBuildPhase section */

/* Begin PBXSourcesBuildPhase section */
		842DD7B71E14993900E061EB /* Sources */ = {
			isa = PBXSourcesBuildPhase;
			buildActionMask = 2147483647;
			files = (
				842DD7EB1E14996300E061EB /* NSObject+RSCore.m in Sources */,
				842DD7F81E14997600E061EB /* RSScaling.m in Sources */,
				842DD7D01E14995C00E061EB /* RSMacroProcessor.m in Sources */,
				842DD7E51E14996300E061EB /* NSMutableDictionary+RSCore.m in Sources */,
				842DD7F41E14996B00E061EB /* Set+Extensions.swift in Sources */,
				84B99C9B1FAE650100ECDEDB /* OPMLRepresentable.swift in Sources */,
				842DD7D71E14996300E061EB /* NSArray+RSCore.m in Sources */,
				842DD7F31E14996B00E061EB /* NSMutableDictionary-Extensions.swift in Sources */,
				842DD7DF1E14996300E061EB /* NSDictionary+RSCore.m in Sources */,
				842DD7C81E14995C00E061EB /* RSConstants.m in Sources */,
				845A29201FC8BC49007B49E3 /* BinaryDiskCache.swift in Sources */,
				84C687391FBC028900345C9E /* LogItem.swift in Sources */,
				842DD7E11E14996300E061EB /* NSFileManager+RSCore.m in Sources */,
				842DD7C61E14995C00E061EB /* RSBlocks.m in Sources */,
				842DD7DD1E14996300E061EB /* NSDate+RSCore.m in Sources */,
				84B99C951FAE64D500ECDEDB /* DisplayNameProvider.swift in Sources */,
				8402047F1FBCE77900D94C1A /* BatchUpdate.swift in Sources */,
				842DD7E91E14996300E061EB /* NSNotificationCenter+RSCore.m in Sources */,
				842DD7E71E14996300E061EB /* NSMutableSet+RSCore.m in Sources */,
				842DD7E31E14996300E061EB /* NSMutableArray+RSCore.m in Sources */,
				842DD7DB1E14996300E061EB /* NSData+RSCore.m in Sources */,
				842DD7D51E14995C00E061EB /* PlistProviderProtocol.swift in Sources */,
				842DD7CE1E14995C00E061EB /* RSPlist.m in Sources */,
				848F6AEA1FC2BC50002D422E /* ThreadSafeCache.swift in Sources */,
				842DD7EF1E14996300E061EB /* NSString+RSCore.m in Sources */,
				842DD7F21E14996B00E061EB /* Date+Extensions.swift in Sources */,
				842DD7ED1E14996300E061EB /* NSSet+RSCore.m in Sources */,
				84C687361FBC025600345C9E /* Log.swift in Sources */,
				842DD7CA1E14995C00E061EB /* RSPlatform.m in Sources */,
				842DD7D91E14996300E061EB /* NSCalendar+RSCore.m in Sources */,
				842DD7F11E14996300E061EB /* NSTimer+RSCore.m in Sources */,
				842DD7F61E14997600E061EB /* RSImageRenderer.m in Sources */,
			);
			runOnlyForDeploymentPostprocessing = 0;
		};
		84CFF4EF1AC3C69700CEA6C8 /* Sources */ = {
			isa = PBXSourcesBuildPhase;
			buildActionMask = 2147483647;
			files = (
				8417FE031AC67D430048E9B7 /* RSOpaqueContainerView.m in Sources */,
				84CFF5481AC3CD8000CEA6C8 /* NSTimer+RSCore.m in Sources */,
				84FE9FC41C00453900081CE9 /* NSStoryboard+RSCore.m in Sources */,
				84CFF5341AC3CB6800CEA6C8 /* NSDictionary+RSCore.m in Sources */,
				84CFF54C1AC3CDAC00CEA6C8 /* NSString+RSCore.m in Sources */,
				84CFF5171AC3C73000CEA6C8 /* RSConstants.m in Sources */,
				8432B1881DACA2060057D6DF /* NSWindow-Extensions.swift in Sources */,
				8402047E1FBCE77900D94C1A /* BatchUpdate.swift in Sources */,
				84C632A5200D356E007BEEAA /* SendToBlogEditorApp.m in Sources */,
				84CFF5541AC3CF4700CEA6C8 /* NSColor+RSCore.m in Sources */,
				84536F671BB856D4001E1639 /* NSFileManager+RSCore.m in Sources */,
				8415CB8B1BF84D24007B1E98 /* NSEvent+RSCore.m in Sources */,
				84CFF53C1AC3CCCA00CEA6C8 /* NSMutableDictionary+RSCore.m in Sources */,
				8414CBAC1C95F8F700333C12 /* RSGeometry.m in Sources */,
				84134D201C59D5450063FD24 /* NSCalendar+RSCore.m in Sources */,
				84E185C7203BEA7900F69BFA /* NSAttributedString+RSCore.m in Sources */,
				84CFF5651AC3D13C00CEA6C8 /* RSImageRenderer.m in Sources */,
				849EE70D2039187D0082A1EA /* NSWindowController+RSCore.swift in Sources */,
				84CFF5381AC3CBB200CEA6C8 /* NSMutableArray+RSCore.m in Sources */,
				84CFF5401AC3CD0100CEA6C8 /* NSMutableSet+RSCore.m in Sources */,
				84CFF5441AC3CD3500CEA6C8 /* NSNotificationCenter+RSCore.m in Sources */,
				84CFF55D1AC3D01F00CEA6C8 /* RSBackgroundColorView.m in Sources */,
				84CFF5131AC3C6D800CEA6C8 /* RSBlocks.m in Sources */,
				84C687321FBAA3DF00345C9E /* LogWindowController.swift in Sources */,
				84C687381FBC028900345C9E /* LogItem.swift in Sources */,
				8432B1861DACA0E90057D6DF /* NSResponder-Extensions.swift in Sources */,
				849EE72520393AEA0082A1EA /* Array+RSCore.swift in Sources */,
				84E8E0D9202EC39800562D8F /* NSMenu+Extensions.swift in Sources */,
				84AD1EA820315BA900BC20B7 /* NSPasteboard+RSCore.swift in Sources */,
				84D5BA1E201E87E2009092BD /* URLPasteboardWriter.swift in Sources */,
				849B08981BF7BCE30090CEE4 /* NSPasteboard+RSCore.m in Sources */,
				842635571D7FA1C800196285 /* NSTableView+Extensions.swift in Sources */,
				84F20F831F16BA6200D8E682 /* PropertyList.swift in Sources */,
				84C687351FBC025600345C9E /* Log.swift in Sources */,
				84CFF5301AC3CB1900CEA6C8 /* NSDate+RSCore.m in Sources */,
				84CFF5281AC3C9A200CEA6C8 /* NSArray+RSCore.m in Sources */,
				84C632A1200D30F1007BEEAA /* NSAppleEventDescriptor+RSCore.m in Sources */,
				84CFF5591AC3CF9100CEA6C8 /* NSView+RSCore.m in Sources */,
				84CFF56A1AC3D1B000CEA6C8 /* RSScaling.m in Sources */,
				84FEB4AC1D19D7F4004727E5 /* Date+Extensions.swift in Sources */,
				8479213E1FBA4285004AD08C /* WebViewWindowController.swift in Sources */,
				844B5B571FE9D36000C7C76A /* Keyboard.swift in Sources */,
				8461387F1DB3F5BE00048B83 /* RSToolbarItem.swift in Sources */,
				84B99C941FAE64D500ECDEDB /* DisplayNameProvider.swift in Sources */,
				84BB45431D6909C700B48537 /* NSMutableDictionary-Extensions.swift in Sources */,
				84411E731FE5FFC3004B527F /* NSImage+RSCore.swift in Sources */,
				845DE0F41B80477100D1571B /* NSSet+RSCore.m in Sources */,
				842635591D7FA24800196285 /* NSOutlineView+Extensions.swift in Sources */,
				844C915C1B65753E0051FC1B /* RSPlist.m in Sources */,
				84CFF5231AC3C89D00CEA6C8 /* NSObject+RSCore.m in Sources */,
				84AD1EA520315A8800BC20B7 /* PasteboardWriterOwner.swift in Sources */,
				8414CBA71C95F2EA00333C12 /* Set+Extensions.swift in Sources */,
				84B99C9A1FAE650100ECDEDB /* OPMLRepresentable.swift in Sources */,
				84E34DA61F9FA1070077082F /* UndoableCommand.swift in Sources */,
				844F91D61D90D86100820C48 /* RSTransparentContainerView.m in Sources */,
				84CFF56E1AC3D20A00CEA6C8 /* NSImage+RSCore.m in Sources */,
				8453F7DF1BDF337800B1C8ED /* RSMacroProcessor.m in Sources */,
				84C326872038C9F6006A025C /* CoalescingQueue.swift in Sources */,
				842E45CC1ED623C7000A8B52 /* UniqueIdentifier.swift in Sources */,
				849EE72320393A750082A1EA /* NSToolbar+RSCore.swift in Sources */,
				84A8358A1D4EC7B80004C598 /* PlistProviderProtocol.swift in Sources */,
				849A339E1AC90A0A0015BA09 /* NSTableView+RSCore.m in Sources */,
				8434D15C200BD6F400D6281E /* UserApp.swift in Sources */,
				84CFF51B1AC3C77500CEA6C8 /* RSPlatform.m in Sources */,
				845A291F1FC8BC49007B49E3 /* BinaryDiskCache.swift in Sources */,
				84CFF52C1AC3CA9700CEA6C8 /* NSData+RSCore.m in Sources */,
				848F6AE91FC2BC50002D422E /* ThreadSafeCache.swift in Sources */,
			);
			runOnlyForDeploymentPostprocessing = 0;
		};
		84CFF4FB1AC3C69700CEA6C8 /* Sources */ = {
			isa = PBXSourcesBuildPhase;
			buildActionMask = 2147483647;
			files = (
				84B890561C59CF1600D8BF23 /* NSString+ExtrasTests.m in Sources */,
				84CFF5071AC3C69700CEA6C8 /* RSCoreTests.m in Sources */,
			);
			runOnlyForDeploymentPostprocessing = 0;
		};
/* End PBXSourcesBuildPhase section */

/* Begin PBXTargetDependency section */
		84CFF5021AC3C69700CEA6C8 /* PBXTargetDependency */ = {
			isa = PBXTargetDependency;
			target = 84CFF4F31AC3C69700CEA6C8 /* RSCore */;
			targetProxy = 84CFF5011AC3C69700CEA6C8 /* PBXContainerItemProxy */;
		};
/* End PBXTargetDependency section */

/* Begin XCBuildConfiguration section */
		842DD7C21E14993900E061EB /* Debug */ = {
			isa = XCBuildConfiguration;
			baseConfigurationReference = D511EF2A202446E300712EC3 /* RSCore_ios_target_debug.xcconfig */;
			buildSettings = {
			};
			name = Debug;
		};
		842DD7C31E14993900E061EB /* Release */ = {
			isa = XCBuildConfiguration;
			baseConfigurationReference = D511EF2B202446E300712EC3 /* RSCore_ios_target_release.xcconfig */;
			buildSettings = {
			};
			name = Release;
		};
		84CFF5081AC3C69700CEA6C8 /* Debug */ = {
			isa = XCBuildConfiguration;
			baseConfigurationReference = D511EF0120242E4C00712EC3 /* RSCore_project_debug.xcconfig */;
			buildSettings = {
			};
			name = Debug;
		};
		84CFF5091AC3C69700CEA6C8 /* Release */ = {
			isa = XCBuildConfiguration;
			baseConfigurationReference = D511EF0020242E4C00712EC3 /* RSCore_project_release.xcconfig */;
			buildSettings = {
			};
			name = Release;
		};
		84CFF50B1AC3C69700CEA6C8 /* Debug */ = {
			isa = XCBuildConfiguration;
			baseConfigurationReference = D511EF2620243B6300712EC3 /* RSCore_mac_target.xcconfig */;
			buildSettings = {
			};
			name = Debug;
		};
		84CFF50C1AC3C69700CEA6C8 /* Release */ = {
			isa = XCBuildConfiguration;
			baseConfigurationReference = D511EF2620243B6300712EC3 /* RSCore_mac_target.xcconfig */;
			buildSettings = {
			};
			name = Release;
		};
		84CFF50E1AC3C69700CEA6C8 /* Debug */ = {
			isa = XCBuildConfiguration;
			baseConfigurationReference = D511EEFF20242E4C00712EC3 /* RSCoreTests_target.xcconfig */;
			buildSettings = {
			};
			name = Debug;
		};
		84CFF50F1AC3C69700CEA6C8 /* Release */ = {
			isa = XCBuildConfiguration;
			baseConfigurationReference = D511EEFF20242E4C00712EC3 /* RSCoreTests_target.xcconfig */;
			buildSettings = {
			};
			name = Release;
		};
/* End XCBuildConfiguration section */

/* Begin XCConfigurationList section */
		842DD7C11E14993900E061EB /* Build configuration list for PBXNativeTarget "RSCoreiOS" */ = {
			isa = XCConfigurationList;
			buildConfigurations = (
				842DD7C21E14993900E061EB /* Debug */,
				842DD7C31E14993900E061EB /* Release */,
			);
			defaultConfigurationIsVisible = 0;
			defaultConfigurationName = Release;
		};
		84CFF4EE1AC3C69700CEA6C8 /* Build configuration list for PBXProject "RSCore" */ = {
			isa = XCConfigurationList;
			buildConfigurations = (
				84CFF5081AC3C69700CEA6C8 /* Debug */,
				84CFF5091AC3C69700CEA6C8 /* Release */,
			);
			defaultConfigurationIsVisible = 0;
			defaultConfigurationName = Release;
		};
		84CFF50A1AC3C69700CEA6C8 /* Build configuration list for PBXNativeTarget "RSCore" */ = {
			isa = XCConfigurationList;
			buildConfigurations = (
				84CFF50B1AC3C69700CEA6C8 /* Debug */,
				84CFF50C1AC3C69700CEA6C8 /* Release */,
			);
			defaultConfigurationIsVisible = 0;
			defaultConfigurationName = Release;
		};
		84CFF50D1AC3C69700CEA6C8 /* Build configuration list for PBXNativeTarget "RSCoreTests" */ = {
			isa = XCConfigurationList;
			buildConfigurations = (
				84CFF50E1AC3C69700CEA6C8 /* Debug */,
				84CFF50F1AC3C69700CEA6C8 /* Release */,
			);
			defaultConfigurationIsVisible = 0;
			defaultConfigurationName = Release;
		};
/* End XCConfigurationList section */
	};
	rootObject = 84CFF4EB1AC3C69700CEA6C8 /* Project object */;
}
