{
  "object": {
    "pins": [
      {
        "package": "BrightFutures",
        "repositoryURL": "https://github.com/Thomvis/BrightFutures.git",
        "state": {
          "branch": null,
          "revision": "9279defa6bdc21501ce740266e5a14d0119ddc63",
          "version": "8.0.1"
        }
      },
      {
        "package": "Erik",
        "repositoryURL": "https://github.com/phimage/Erik.git",
        "state": {
          "branch": null,
          "revision": "109a130e9cdb00789a43a7a625293eeb12d22989",
          "version": "5.1.0"
        }
      },
      {
        "package": "FileKit",
        "repositoryURL": "https://github.com/nvzqz/FileKit.git",
        "state": {
          "branch": null,
          "revision": "826d9161b184509f80d85c28cd612d630646de98",
          "version": "6.0.0"
        }
      },
      {
        "package": "Kanna",
        "repositoryURL": "https://github.com/tid-kijyun/Kanna.git",
        "state": {
          "branch": null,
          "revision": "609367a2cd84827a33383cf7923cb4fe8f69ee0a",
          "version": "5.2.2"
        }
      },
      {
        "package": "OAuthSwift",
        "repositoryURL": "https://github.com/OAuthSwift/OAuthSwift.git",
        "state": {
          "branch": null,
          "revision": "fde77955e6983fbfaabd491709d52b8a82fda4d0",
          "version": "2.1.2"
        }
      },
      {
        "package": "RSCore",
        "repositoryURL": "https://github.com/Ranchero-Software/RSCore.git",
        "state": {
          "branch": null,
          "revision": "d615127805733de33653f8e3f4c01cd859f7b556",
          "version": "1.0.0-beta2"
        }
      },
      {
        "package": "RSTree",
        "repositoryURL": "https://github.com/Ranchero-Software/RSTree.git",
        "state": {
          "branch": null,
          "revision": "979ed0eb610b6d95dc7adcf4620bd44205f512a6",
          "version": "1.0.0-beta1"
        }
      },
      {
        "package": "RSWeb",
        "repositoryURL": "https://github.com/Ranchero-Software/RSWeb.git",
        "state": {
          "branch": null,
          "revision": "cb76e7c3b6f1dd31f20e2d9c5a5d1092f4d000e4",
          "version": "1.0.0-beta2"
        }
      },
      {
        "package": "Swifter",
        "repositoryURL": "https://github.com/httpswift/swifter.git",
        "state": {
          "branch": null,
          "revision": "8b5afb48ae64d4f729f0489ddcfe09c62b9c3687",
          "version": "1.4.7"
        }
      }
    ]
  },
  "version": 1
}
