{
  "originHash" : "640127e71bcf4c0e8c774e3b5924b6b3a32d47605690753f0dfc739c8f716134",
  "pins" : [
    {
      "identity" : "tidemark",
      "kind" : "remoteSourceControl",
      "location" : "https://codeberg.org/brentsimmons/Tidemark",
      "state" : {
        "revision" : "7bc497a1550963267366d229b1c2dc1a277cce82",
        "version" : "0.2.2"
      }
    }
  ],
  "version" : 3
}
