{
  "originHash" : "908bb93472d72615556b38478b9a4a0574fb69ecb83c886724b96e262842d36b",
  "pins" : [
    {
      "identity" : "tidemark",
      "kind" : "remoteSourceControl",
      "location" : "https://codeberg.org/brentsimmons/Tidemark",
      "state" : {
        "revision" : "f655eebd5749e237000ba9cf4d54c43177c39096",
        "version" : "0.2.3"
      }
    }
  ],
  "version" : 3
}
