// !$*UTF8*$!
{
	archiveVersion = 1;
	classes = {
	};
	objectVersion = 48;
	objects = {

/* Begin PBXBuildFile section */
		5107A099227DE42E00C7C3C5 /* AccountCredentialsTest.swift in Sources */ = {isa = PBXBuildFile; fileRef = 5107A098227DE42E00C7C3C5 /* AccountCredentialsTest.swift */; };
		5107A09B227DE49500C7C3C5 /* TestAccountManager.swift in Sources */ = {isa = PBXBuildFile; fileRef = 5107A09A227DE49500C7C3C5 /* TestAccountManager.swift */; };
		5107A09D227DE77700C7C3C5 /* TestTransport.swift in Sources */ = {isa = PBXBuildFile; fileRef = 5107A09C227DE77700C7C3C5 /* TestTransport.swift */; };
		513323082281070D00C30F19 /* AccountFeedSyncTest.swift in Sources */ = {isa = PBXBuildFile; fileRef = 513323072281070C00C30F19 /* AccountFeedSyncTest.swift */; };
		5133230A2281082F00C30F19 /* subscriptions_initial.json in Resources */ = {isa = PBXBuildFile; fileRef = 513323092281082F00C30F19 /* subscriptions_initial.json */; };
		5133230C2281088A00C30F19 /* subscriptions_add.json in Resources */ = {isa = PBXBuildFile; fileRef = 5133230B2281088A00C30F19 /* subscriptions_add.json */; };
		5133230E2281089500C30F19 /* icons.json in Resources */ = {isa = PBXBuildFile; fileRef = 5133230D2281089500C30F19 /* icons.json */; };
		5133231122810EB200C30F19 /* FeedbinIcon.swift in Sources */ = {isa = PBXBuildFile; fileRef = 5133230F22810E5700C30F19 /* FeedbinIcon.swift */; };
		5144EA49227B497600D19003 /* FeedbinAPICaller.swift in Sources */ = {isa = PBXBuildFile; fileRef = 5144EA48227B497600D19003 /* FeedbinAPICaller.swift */; };
		5144EA4E227B829A00D19003 /* FeedbinAccountDelegate.swift in Sources */ = {isa = PBXBuildFile; fileRef = 5144EA4D227B829A00D19003 /* FeedbinAccountDelegate.swift */; };
		5154367B228EEB28005E1CDF /* FeedbinImportResult.swift in Sources */ = {isa = PBXBuildFile; fileRef = 5154367A228EEB28005E1CDF /* FeedbinImportResult.swift */; };
		5165D7122282080C00D9D53D /* AccountFolderContentsSyncTest.swift in Sources */ = {isa = PBXBuildFile; fileRef = 5165D7112282080C00D9D53D /* AccountFolderContentsSyncTest.swift */; };
		5165D71622821C2400D9D53D /* taggings_delete.json in Resources */ = {isa = PBXBuildFile; fileRef = 5165D71322821C2400D9D53D /* taggings_delete.json */; };
		5165D71722821C2400D9D53D /* taggings_add.json in Resources */ = {isa = PBXBuildFile; fileRef = 5165D71422821C2400D9D53D /* taggings_add.json */; };
		5165D71822821C2400D9D53D /* taggings_initial.json in Resources */ = {isa = PBXBuildFile; fileRef = 5165D71522821C2400D9D53D /* taggings_initial.json */; };
		5165D72822835F7800D9D53D /* FeedFinder.swift in Sources */ = {isa = PBXBuildFile; fileRef = 5165D71C22835E9800D9D53D /* FeedFinder.swift */; };
		5165D72922835F7A00D9D53D /* FeedSpecifier.swift in Sources */ = {isa = PBXBuildFile; fileRef = 5165D71D22835E9800D9D53D /* FeedSpecifier.swift */; };
		5165D72A22835F7D00D9D53D /* HTMLFeedFinder.swift in Sources */ = {isa = PBXBuildFile; fileRef = 5165D71E22835E9800D9D53D /* HTMLFeedFinder.swift */; };
		5165D73122837F3400D9D53D /* InitialFeedDownloader.swift in Sources */ = {isa = PBXBuildFile; fileRef = 5165D73022837F3400D9D53D /* InitialFeedDownloader.swift */; };
		51D58755227F53BE00900287 /* FeedbinTag.swift in Sources */ = {isa = PBXBuildFile; fileRef = 51D58754227F53BE00900287 /* FeedbinTag.swift */; };
		51D5875A227F630B00900287 /* tags_delete.json in Resources */ = {isa = PBXBuildFile; fileRef = 51D58757227F630B00900287 /* tags_delete.json */; };
		51D5875B227F630B00900287 /* tags_add.json in Resources */ = {isa = PBXBuildFile; fileRef = 51D58758227F630B00900287 /* tags_add.json */; };
		51D5875C227F630B00900287 /* tags_initial.json in Resources */ = {isa = PBXBuildFile; fileRef = 51D58759227F630B00900287 /* tags_initial.json */; };
		51D5875E227F643C00900287 /* AccountFolderSyncTest.swift in Sources */ = {isa = PBXBuildFile; fileRef = 51D5875D227F643C00900287 /* AccountFolderSyncTest.swift */; };
		51E3EB41229AF61B00645299 /* AccountError.swift in Sources */ = {isa = PBXBuildFile; fileRef = 51E3EB40229AF61B00645299 /* AccountError.swift */; };
		51E490362288C37100C791F0 /* FeedbinDate.swift in Sources */ = {isa = PBXBuildFile; fileRef = 51E490352288C37100C791F0 /* FeedbinDate.swift */; };
		51E59599228C77BC00FCC42B /* FeedbinUnreadEntry.swift in Sources */ = {isa = PBXBuildFile; fileRef = 51E59598228C77BC00FCC42B /* FeedbinUnreadEntry.swift */; };
		51E5959B228C781500FCC42B /* FeedbinStarredEntry.swift in Sources */ = {isa = PBXBuildFile; fileRef = 51E5959A228C781500FCC42B /* FeedbinStarredEntry.swift */; };
		552032F8229D5D5A009559E0 /* ReaderAPIEntry.swift in Sources */ = {isa = PBXBuildFile; fileRef = 552032ED229D5D5A009559E0 /* ReaderAPIEntry.swift */; };
		552032F9229D5D5A009559E0 /* ReaderAPISubscription.swift in Sources */ = {isa = PBXBuildFile; fileRef = 552032EE229D5D5A009559E0 /* ReaderAPISubscription.swift */; };
		552032FB229D5D5A009559E0 /* ReaderAPITag.swift in Sources */ = {isa = PBXBuildFile; fileRef = 552032F0229D5D5A009559E0 /* ReaderAPITag.swift */; };
		552032FC229D5D5A009559E0 /* ReaderAPIUnreadEntry.swift in Sources */ = {isa = PBXBuildFile; fileRef = 552032F1229D5D5A009559E0 /* ReaderAPIUnreadEntry.swift */; };
		552032FD229D5D5A009559E0 /* ReaderAPITagging.swift in Sources */ = {isa = PBXBuildFile; fileRef = 552032F2229D5D5A009559E0 /* ReaderAPITagging.swift */; };
		552032FE229D5D5A009559E0 /* ReaderAPIAccountDelegate.swift in Sources */ = {isa = PBXBuildFile; fileRef = 552032F3229D5D5A009559E0 /* ReaderAPIAccountDelegate.swift */; };
		55203300229D5D5A009559E0 /* ReaderAPICaller.swift in Sources */ = {isa = PBXBuildFile; fileRef = 552032F5229D5D5A009559E0 /* ReaderAPICaller.swift */; };
		841973FE1F6DD1BC006346C4 /* RSCore.framework in Frameworks */ = {isa = PBXBuildFile; fileRef = 841973EF1F6DD19E006346C4 /* RSCore.framework */; };
		841973FF1F6DD1C5006346C4 /* RSParser.framework in Frameworks */ = {isa = PBXBuildFile; fileRef = 841973FA1F6DD1AC006346C4 /* RSParser.framework */; };
		841974011F6DD1EC006346C4 /* Folder.swift in Sources */ = {isa = PBXBuildFile; fileRef = 841974001F6DD1EC006346C4 /* Folder.swift */; };
		841974251F6DDCE4006346C4 /* AccountDelegate.swift in Sources */ = {isa = PBXBuildFile; fileRef = 841974241F6DDCE4006346C4 /* AccountDelegate.swift */; };
		841D4D702106B40400DD04E6 /* ArticlesDatabase.framework in Frameworks */ = {isa = PBXBuildFile; fileRef = 841D4D6F2106B40400DD04E6 /* ArticlesDatabase.framework */; };
		841D4D722106B40A00DD04E6 /* Articles.framework in Frameworks */ = {isa = PBXBuildFile; fileRef = 841D4D712106B40A00DD04E6 /* Articles.framework */; };
		84245C851FDDD8CB0074AFBB /* FeedbinSubscription.swift in Sources */ = {isa = PBXBuildFile; fileRef = 84245C841FDDD8CB0074AFBB /* FeedbinSubscription.swift */; };
		844B297D2106C7EC004020B3 /* Feed.swift in Sources */ = {isa = PBXBuildFile; fileRef = 844B297C2106C7EC004020B3 /* Feed.swift */; };
		844B297F210CE37E004020B3 /* UnreadCountProvider.swift in Sources */ = {isa = PBXBuildFile; fileRef = 844B297E210CE37E004020B3 /* UnreadCountProvider.swift */; };
		844B2981210CE3BF004020B3 /* RSWeb.framework in Frameworks */ = {isa = PBXBuildFile; fileRef = 844B2980210CE3BF004020B3 /* RSWeb.framework */; };
		8469F81C1F6DD15E0084783E /* Account.swift in Sources */ = {isa = PBXBuildFile; fileRef = 848935101F62486800CEBD24 /* Account.swift */; };
		846E77451F6EF9B900A165E2 /* Container.swift in Sources */ = {isa = PBXBuildFile; fileRef = 8419740D1F6DD25F006346C4 /* Container.swift */; };
		846E774F1F6EF9C000A165E2 /* LocalAccountDelegate.swift in Sources */ = {isa = PBXBuildFile; fileRef = 8419742C1F6DDE84006346C4 /* LocalAccountDelegate.swift */; };
		846E77501F6EF9C400A165E2 /* LocalAccountRefresher.swift in Sources */ = {isa = PBXBuildFile; fileRef = 8419742D1F6DDE96006346C4 /* LocalAccountRefresher.swift */; };
		846E77541F6F00E300A165E2 /* AccountManager.swift in Sources */ = {isa = PBXBuildFile; fileRef = 846E77531F6F00E300A165E2 /* AccountManager.swift */; };
		848935001F62484F00CEBD24 /* Account.framework in Frameworks */ = {isa = PBXBuildFile; fileRef = 848934F61F62484F00CEBD24 /* Account.framework */; };
		84B2D4D02238CD8A00498ADA /* FeedMetadata.swift in Sources */ = {isa = PBXBuildFile; fileRef = 84B2D4CE2238C13D00498ADA /* FeedMetadata.swift */; };
		84B99C9F1FAE8D3200ECDEDB /* ContainerPath.swift in Sources */ = {isa = PBXBuildFile; fileRef = 84B99C9E1FAE8D3200ECDEDB /* ContainerPath.swift */; };
		84C3654A1F899F3B001EC85C /* CombinedRefreshProgress.swift in Sources */ = {isa = PBXBuildFile; fileRef = 84C365491F899F3B001EC85C /* CombinedRefreshProgress.swift */; };
		84C8B3F41F89DE430053CCA6 /* DataExtensions.swift in Sources */ = {isa = PBXBuildFile; fileRef = 84C8B3F31F89DE430053CCA6 /* DataExtensions.swift */; };
		84CAD7161FDF2E22000F0755 /* FeedbinEntry.swift in Sources */ = {isa = PBXBuildFile; fileRef = 84CAD7151FDF2E22000F0755 /* FeedbinEntry.swift */; };
		84D09623217418DC00D77525 /* FeedbinTagging.swift in Sources */ = {isa = PBXBuildFile; fileRef = 84D09622217418DC00D77525 /* FeedbinTagging.swift */; };
		84EAC4822148CC6300F154AB /* RSDatabase.framework in Frameworks */ = {isa = PBXBuildFile; fileRef = 84EAC4812148CC6300F154AB /* RSDatabase.framework */; };
		84F1F06E2243524700DA0616 /* AccountMetadata.swift in Sources */ = {isa = PBXBuildFile; fileRef = 84AF4EA3222CFDD100F6A800 /* AccountMetadata.swift */; };
		84F73CF1202788D90000BCEF /* ArticleFetcher.swift in Sources */ = {isa = PBXBuildFile; fileRef = 84F73CF0202788D80000BCEF /* ArticleFetcher.swift */; };
/* End PBXBuildFile section */

/* Begin PBXContainerItemProxy section */
		841973EE1F6DD19E006346C4 /* PBXContainerItemProxy */ = {
			isa = PBXContainerItemProxy;
			containerPortal = 841973E81F6DD19E006346C4 /* RSCore.xcodeproj */;
			proxyType = 2;
			remoteGlobalIDString = 84CFF4F41AC3C69700CEA6C8;
			remoteInfo = RSCore;
		};
		841973F01F6DD19E006346C4 /* PBXContainerItemProxy */ = {
			isa = PBXContainerItemProxy;
			containerPortal = 841973E81F6DD19E006346C4 /* RSCore.xcodeproj */;
			proxyType = 2;
			remoteGlobalIDString = 84CFF4FF1AC3C69700CEA6C8;
			remoteInfo = RSCoreTests;
		};
		841973F21F6DD19E006346C4 /* PBXContainerItemProxy */ = {
			isa = PBXContainerItemProxy;
			containerPortal = 841973E81F6DD19E006346C4 /* RSCore.xcodeproj */;
			proxyType = 2;
			remoteGlobalIDString = 842DD7BC1E14993900E061EB;
			remoteInfo = RSCoreiOS;
		};
		841973F91F6DD1AC006346C4 /* PBXContainerItemProxy */ = {
			isa = PBXContainerItemProxy;
			containerPortal = 841973F41F6DD1AC006346C4 /* RSParser.xcodeproj */;
			proxyType = 2;
			remoteGlobalIDString = 84FF5F841EFA285800C15A01;
			remoteInfo = RSParser;
		};
		841973FB1F6DD1AC006346C4 /* PBXContainerItemProxy */ = {
			isa = PBXContainerItemProxy;
			containerPortal = 841973F41F6DD1AC006346C4 /* RSParser.xcodeproj */;
			proxyType = 2;
			remoteGlobalIDString = 84FF5F8D1EFA285800C15A01;
			remoteInfo = RSParserTests;
		};
		848935011F62484F00CEBD24 /* PBXContainerItemProxy */ = {
			isa = PBXContainerItemProxy;
			containerPortal = 848934ED1F62484F00CEBD24 /* Project object */;
			proxyType = 1;
			remoteGlobalIDString = 848934F51F62484F00CEBD24;
			remoteInfo = Account;
		};
/* End PBXContainerItemProxy section */

/* Begin PBXFileReference section */
		5107A098227DE42E00C7C3C5 /* AccountCredentialsTest.swift */ = {isa = PBXFileReference; lastKnownFileType = sourcecode.swift; path = AccountCredentialsTest.swift; sourceTree = "<group>"; };
		5107A09A227DE49500C7C3C5 /* TestAccountManager.swift */ = {isa = PBXFileReference; lastKnownFileType = sourcecode.swift; path = TestAccountManager.swift; sourceTree = "<group>"; };
		5107A09C227DE77700C7C3C5 /* TestTransport.swift */ = {isa = PBXFileReference; lastKnownFileType = sourcecode.swift; path = TestTransport.swift; sourceTree = "<group>"; };
		513323072281070C00C30F19 /* AccountFeedSyncTest.swift */ = {isa = PBXFileReference; lastKnownFileType = sourcecode.swift; path = AccountFeedSyncTest.swift; sourceTree = "<group>"; };
		513323092281082F00C30F19 /* subscriptions_initial.json */ = {isa = PBXFileReference; fileEncoding = 4; lastKnownFileType = text.json; path = subscriptions_initial.json; sourceTree = "<group>"; };
		5133230B2281088A00C30F19 /* subscriptions_add.json */ = {isa = PBXFileReference; fileEncoding = 4; lastKnownFileType = text.json; path = subscriptions_add.json; sourceTree = "<group>"; };
		5133230D2281089500C30F19 /* icons.json */ = {isa = PBXFileReference; fileEncoding = 4; lastKnownFileType = text.json; path = icons.json; sourceTree = "<group>"; };
		5133230F22810E5700C30F19 /* FeedbinIcon.swift */ = {isa = PBXFileReference; lastKnownFileType = sourcecode.swift; path = FeedbinIcon.swift; sourceTree = "<group>"; };
		5144EA48227B497600D19003 /* FeedbinAPICaller.swift */ = {isa = PBXFileReference; lastKnownFileType = sourcecode.swift; path = FeedbinAPICaller.swift; sourceTree = "<group>"; };
		5144EA4D227B829A00D19003 /* FeedbinAccountDelegate.swift */ = {isa = PBXFileReference; lastKnownFileType = sourcecode.swift; path = FeedbinAccountDelegate.swift; sourceTree = "<group>"; };
		5154367A228EEB28005E1CDF /* FeedbinImportResult.swift */ = {isa = PBXFileReference; lastKnownFileType = sourcecode.swift; path = FeedbinImportResult.swift; sourceTree = "<group>"; };
		5165D7112282080C00D9D53D /* AccountFolderContentsSyncTest.swift */ = {isa = PBXFileReference; lastKnownFileType = sourcecode.swift; path = AccountFolderContentsSyncTest.swift; sourceTree = "<group>"; };
		5165D71322821C2400D9D53D /* taggings_delete.json */ = {isa = PBXFileReference; fileEncoding = 4; lastKnownFileType = text.json; path = taggings_delete.json; sourceTree = "<group>"; };
		5165D71422821C2400D9D53D /* taggings_add.json */ = {isa = PBXFileReference; fileEncoding = 4; lastKnownFileType = text.json; path = taggings_add.json; sourceTree = "<group>"; };
		5165D71522821C2400D9D53D /* taggings_initial.json */ = {isa = PBXFileReference; fileEncoding = 4; lastKnownFileType = text.json; path = taggings_initial.json; sourceTree = "<group>"; };
		5165D71C22835E9800D9D53D /* FeedFinder.swift */ = {isa = PBXFileReference; fileEncoding = 4; lastKnownFileType = sourcecode.swift; path = FeedFinder.swift; sourceTree = "<group>"; };
		5165D71D22835E9800D9D53D /* FeedSpecifier.swift */ = {isa = PBXFileReference; fileEncoding = 4; lastKnownFileType = sourcecode.swift; path = FeedSpecifier.swift; sourceTree = "<group>"; };
		5165D71E22835E9800D9D53D /* HTMLFeedFinder.swift */ = {isa = PBXFileReference; fileEncoding = 4; lastKnownFileType = sourcecode.swift; path = HTMLFeedFinder.swift; sourceTree = "<group>"; };
		5165D73022837F3400D9D53D /* InitialFeedDownloader.swift */ = {isa = PBXFileReference; fileEncoding = 4; lastKnownFileType = sourcecode.swift; path = InitialFeedDownloader.swift; sourceTree = "<group>"; };
		51D58754227F53BE00900287 /* FeedbinTag.swift */ = {isa = PBXFileReference; lastKnownFileType = sourcecode.swift; path = FeedbinTag.swift; sourceTree = "<group>"; };
		51D58757227F630B00900287 /* tags_delete.json */ = {isa = PBXFileReference; fileEncoding = 4; lastKnownFileType = text.json; path = tags_delete.json; sourceTree = "<group>"; };
		51D58758227F630B00900287 /* tags_add.json */ = {isa = PBXFileReference; fileEncoding = 4; lastKnownFileType = text.json; path = tags_add.json; sourceTree = "<group>"; };
		51D58759227F630B00900287 /* tags_initial.json */ = {isa = PBXFileReference; fileEncoding = 4; lastKnownFileType = text.json; path = tags_initial.json; sourceTree = "<group>"; };
		51D5875D227F643C00900287 /* AccountFolderSyncTest.swift */ = {isa = PBXFileReference; lastKnownFileType = sourcecode.swift; path = AccountFolderSyncTest.swift; sourceTree = "<group>"; };
		51E3EB40229AF61B00645299 /* AccountError.swift */ = {isa = PBXFileReference; lastKnownFileType = sourcecode.swift; path = AccountError.swift; sourceTree = "<group>"; };
		51E490352288C37100C791F0 /* FeedbinDate.swift */ = {isa = PBXFileReference; lastKnownFileType = sourcecode.swift; path = FeedbinDate.swift; sourceTree = "<group>"; };
		51E59598228C77BC00FCC42B /* FeedbinUnreadEntry.swift */ = {isa = PBXFileReference; lastKnownFileType = sourcecode.swift; path = FeedbinUnreadEntry.swift; sourceTree = "<group>"; };
		51E5959A228C781500FCC42B /* FeedbinStarredEntry.swift */ = {isa = PBXFileReference; lastKnownFileType = sourcecode.swift; path = FeedbinStarredEntry.swift; sourceTree = "<group>"; };
		552032ED229D5D5A009559E0 /* ReaderAPIEntry.swift */ = {isa = PBXFileReference; fileEncoding = 4; lastKnownFileType = sourcecode.swift; path = ReaderAPIEntry.swift; sourceTree = "<group>"; };
		552032EE229D5D5A009559E0 /* ReaderAPISubscription.swift */ = {isa = PBXFileReference; fileEncoding = 4; lastKnownFileType = sourcecode.swift; path = ReaderAPISubscription.swift; sourceTree = "<group>"; };
		552032F0229D5D5A009559E0 /* ReaderAPITag.swift */ = {isa = PBXFileReference; fileEncoding = 4; lastKnownFileType = sourcecode.swift; path = ReaderAPITag.swift; sourceTree = "<group>"; };
		552032F1229D5D5A009559E0 /* ReaderAPIUnreadEntry.swift */ = {isa = PBXFileReference; fileEncoding = 4; lastKnownFileType = sourcecode.swift; path = ReaderAPIUnreadEntry.swift; sourceTree = "<group>"; };
		552032F2229D5D5A009559E0 /* ReaderAPITagging.swift */ = {isa = PBXFileReference; fileEncoding = 4; lastKnownFileType = sourcecode.swift; path = ReaderAPITagging.swift; sourceTree = "<group>"; };
		552032F3229D5D5A009559E0 /* ReaderAPIAccountDelegate.swift */ = {isa = PBXFileReference; fileEncoding = 4; lastKnownFileType = sourcecode.swift; path = ReaderAPIAccountDelegate.swift; sourceTree = "<group>"; };
		552032F5229D5D5A009559E0 /* ReaderAPICaller.swift */ = {isa = PBXFileReference; fileEncoding = 4; lastKnownFileType = sourcecode.swift; path = ReaderAPICaller.swift; sourceTree = "<group>"; };
		841973E81F6DD19E006346C4 /* RSCore.xcodeproj */ = {isa = PBXFileReference; lastKnownFileType = "wrapper.pb-project"; name = RSCore.xcodeproj; path = ../RSCore/RSCore.xcodeproj; sourceTree = "<group>"; };
		841973F41F6DD1AC006346C4 /* RSParser.xcodeproj */ = {isa = PBXFileReference; lastKnownFileType = "wrapper.pb-project"; name = RSParser.xcodeproj; path = ../RSParser/RSParser.xcodeproj; sourceTree = "<group>"; };
		841974001F6DD1EC006346C4 /* Folder.swift */ = {isa = PBXFileReference; lastKnownFileType = sourcecode.swift; path = Folder.swift; sourceTree = "<group>"; };
		8419740D1F6DD25F006346C4 /* Container.swift */ = {isa = PBXFileReference; lastKnownFileType = sourcecode.swift; path = Container.swift; sourceTree = "<group>"; };
		841974241F6DDCE4006346C4 /* AccountDelegate.swift */ = {isa = PBXFileReference; lastKnownFileType = sourcecode.swift; path = AccountDelegate.swift; sourceTree = "<group>"; };
		8419742C1F6DDE84006346C4 /* LocalAccountDelegate.swift */ = {isa = PBXFileReference; lastKnownFileType = sourcecode.swift; path = LocalAccountDelegate.swift; sourceTree = "<group>"; };
		8419742D1F6DDE96006346C4 /* LocalAccountRefresher.swift */ = {isa = PBXFileReference; lastKnownFileType = sourcecode.swift; path = LocalAccountRefresher.swift; sourceTree = "<group>"; };
		841D4D6F2106B40400DD04E6 /* ArticlesDatabase.framework */ = {isa = PBXFileReference; explicitFileType = wrapper.framework; path = ArticlesDatabase.framework; sourceTree = BUILT_PRODUCTS_DIR; };
		841D4D712106B40A00DD04E6 /* Articles.framework */ = {isa = PBXFileReference; explicitFileType = wrapper.framework; path = Articles.framework; sourceTree = BUILT_PRODUCTS_DIR; };
		84245C841FDDD8CB0074AFBB /* FeedbinSubscription.swift */ = {isa = PBXFileReference; lastKnownFileType = sourcecode.swift; path = FeedbinSubscription.swift; sourceTree = "<group>"; };
		844B297C2106C7EC004020B3 /* Feed.swift */ = {isa = PBXFileReference; fileEncoding = 4; lastKnownFileType = sourcecode.swift; path = Feed.swift; sourceTree = "<group>"; };
		844B297E210CE37E004020B3 /* UnreadCountProvider.swift */ = {isa = PBXFileReference; fileEncoding = 4; lastKnownFileType = sourcecode.swift; path = UnreadCountProvider.swift; sourceTree = "<group>"; };
		844B2980210CE3BF004020B3 /* RSWeb.framework */ = {isa = PBXFileReference; explicitFileType = wrapper.framework; path = RSWeb.framework; sourceTree = BUILT_PRODUCTS_DIR; };
		846E77531F6F00E300A165E2 /* AccountManager.swift */ = {isa = PBXFileReference; lastKnownFileType = sourcecode.swift; path = AccountManager.swift; sourceTree = "<group>"; };
		848934F61F62484F00CEBD24 /* Account.framework */ = {isa = PBXFileReference; explicitFileType = wrapper.framework; includeInIndex = 0; path = Account.framework; sourceTree = BUILT_PRODUCTS_DIR; };
		848934FA1F62484F00CEBD24 /* Info.plist */ = {isa = PBXFileReference; lastKnownFileType = text.plist.xml; path = Info.plist; sourceTree = "<group>"; };
		848934FF1F62484F00CEBD24 /* AccountTests.xctest */ = {isa = PBXFileReference; explicitFileType = wrapper.cfbundle; includeInIndex = 0; path = AccountTests.xctest; sourceTree = BUILT_PRODUCTS_DIR; };
		848935061F62485000CEBD24 /* Info.plist */ = {isa = PBXFileReference; lastKnownFileType = text.plist.xml; path = Info.plist; sourceTree = "<group>"; };
		848935101F62486800CEBD24 /* Account.swift */ = {isa = PBXFileReference; lastKnownFileType = sourcecode.swift; path = Account.swift; sourceTree = "<group>"; };
		84AF4EA3222CFDD100F6A800 /* AccountMetadata.swift */ = {isa = PBXFileReference; lastKnownFileType = sourcecode.swift; path = AccountMetadata.swift; sourceTree = "<group>"; };
		84B2D4CE2238C13D00498ADA /* FeedMetadata.swift */ = {isa = PBXFileReference; lastKnownFileType = sourcecode.swift; path = FeedMetadata.swift; sourceTree = "<group>"; };
		84B99C9E1FAE8D3200ECDEDB /* ContainerPath.swift */ = {isa = PBXFileReference; lastKnownFileType = sourcecode.swift; path = ContainerPath.swift; sourceTree = "<group>"; };
		84C365491F899F3B001EC85C /* CombinedRefreshProgress.swift */ = {isa = PBXFileReference; lastKnownFileType = sourcecode.swift; path = CombinedRefreshProgress.swift; sourceTree = "<group>"; };
		84C8B3F31F89DE430053CCA6 /* DataExtensions.swift */ = {isa = PBXFileReference; lastKnownFileType = sourcecode.swift; path = DataExtensions.swift; sourceTree = "<group>"; };
		84CAD7151FDF2E22000F0755 /* FeedbinEntry.swift */ = {isa = PBXFileReference; lastKnownFileType = sourcecode.swift; path = FeedbinEntry.swift; sourceTree = "<group>"; };
		84D09622217418DC00D77525 /* FeedbinTagging.swift */ = {isa = PBXFileReference; lastKnownFileType = sourcecode.swift; path = FeedbinTagging.swift; sourceTree = "<group>"; };
		84EAC4812148CC6300F154AB /* RSDatabase.framework */ = {isa = PBXFileReference; explicitFileType = wrapper.framework; path = RSDatabase.framework; sourceTree = BUILT_PRODUCTS_DIR; };
		84F73CF0202788D80000BCEF /* ArticleFetcher.swift */ = {isa = PBXFileReference; lastKnownFileType = sourcecode.swift; path = ArticleFetcher.swift; sourceTree = "<group>"; };
		D511EEB5202422BB00712EC3 /* Account_project_debug.xcconfig */ = {isa = PBXFileReference; lastKnownFileType = text.xcconfig; path = Account_project_debug.xcconfig; sourceTree = "<group>"; };
		D511EEB6202422BB00712EC3 /* Account_target.xcconfig */ = {isa = PBXFileReference; lastKnownFileType = text.xcconfig; path = Account_target.xcconfig; sourceTree = "<group>"; };
		D511EEB7202422BB00712EC3 /* Account_project_release.xcconfig */ = {isa = PBXFileReference; lastKnownFileType = text.xcconfig; path = Account_project_release.xcconfig; sourceTree = "<group>"; };
		D511EEB8202422BB00712EC3 /* Account_project.xcconfig */ = {isa = PBXFileReference; lastKnownFileType = text.xcconfig; path = Account_project.xcconfig; sourceTree = "<group>"; };
		D511EEB9202422BB00712EC3 /* Accounttests_target.xcconfig */ = {isa = PBXFileReference; lastKnownFileType = text.xcconfig; path = Accounttests_target.xcconfig; sourceTree = "<group>"; };
/* End PBXFileReference section */

/* Begin PBXFrameworksBuildPhase section */
		848934F21F62484F00CEBD24 /* Frameworks */ = {
			isa = PBXFrameworksBuildPhase;
			buildActionMask = 2147483647;
			files = (
				84EAC4822148CC6300F154AB /* RSDatabase.framework in Frameworks */,
				844B2981210CE3BF004020B3 /* RSWeb.framework in Frameworks */,
				841D4D722106B40A00DD04E6 /* Articles.framework in Frameworks */,
				841D4D702106B40400DD04E6 /* ArticlesDatabase.framework in Frameworks */,
				841973FE1F6DD1BC006346C4 /* RSCore.framework in Frameworks */,
				841973FF1F6DD1C5006346C4 /* RSParser.framework in Frameworks */,
			);
			runOnlyForDeploymentPostprocessing = 0;
		};
		848934FC1F62484F00CEBD24 /* Frameworks */ = {
			isa = PBXFrameworksBuildPhase;
			buildActionMask = 2147483647;
			files = (
				848935001F62484F00CEBD24 /* Account.framework in Frameworks */,
			);
			runOnlyForDeploymentPostprocessing = 0;
		};
/* End PBXFrameworksBuildPhase section */

/* Begin PBXGroup section */
		5165D71F22835E9800D9D53D /* FeedFinder */ = {
			isa = PBXGroup;
			children = (
				5165D71C22835E9800D9D53D /* FeedFinder.swift */,
				5165D71D22835E9800D9D53D /* FeedSpecifier.swift */,
				5165D71E22835E9800D9D53D /* HTMLFeedFinder.swift */,
			);
			path = FeedFinder;
			sourceTree = "<group>";
		};
		51D58756227F62E300900287 /* JSON */ = {
			isa = PBXGroup;
			children = (
				5133230D2281089500C30F19 /* icons.json */,
				5133230B2281088A00C30F19 /* subscriptions_add.json */,
				513323092281082F00C30F19 /* subscriptions_initial.json */,
				5165D71422821C2400D9D53D /* taggings_add.json */,
				5165D71322821C2400D9D53D /* taggings_delete.json */,
				5165D71522821C2400D9D53D /* taggings_initial.json */,
				51D58758227F630B00900287 /* tags_add.json */,
				51D58757227F630B00900287 /* tags_delete.json */,
				51D58759227F630B00900287 /* tags_initial.json */,
			);
			path = JSON;
			sourceTree = "<group>";
		};
		552032EA229D5D5A009559E0 /* ReaderAPI */ = {
			isa = PBXGroup;
			children = (
				552032ED229D5D5A009559E0 /* ReaderAPIEntry.swift */,
				552032EE229D5D5A009559E0 /* ReaderAPISubscription.swift */,
				552032F0229D5D5A009559E0 /* ReaderAPITag.swift */,
				552032F1229D5D5A009559E0 /* ReaderAPIUnreadEntry.swift */,
				552032F2229D5D5A009559E0 /* ReaderAPITagging.swift */,
				552032F3229D5D5A009559E0 /* ReaderAPIAccountDelegate.swift */,
				552032F5229D5D5A009559E0 /* ReaderAPICaller.swift */,
			);
			path = ReaderAPI;
			sourceTree = "<group>";
		};
		841973E91F6DD19E006346C4 /* Products */ = {
			isa = PBXGroup;
			children = (
				841973EF1F6DD19E006346C4 /* RSCore.framework */,
				841973F11F6DD19E006346C4 /* RSCoreTests.xctest */,
				841973F31F6DD19E006346C4 /* RSCore.framework */,
			);
			name = Products;
			sourceTree = "<group>";
		};
		841973F51F6DD1AC006346C4 /* Products */ = {
			isa = PBXGroup;
			children = (
				841973FA1F6DD1AC006346C4 /* RSParser.framework */,
				841973FC1F6DD1AC006346C4 /* RSParserTests.xctest */,
			);
			name = Products;
			sourceTree = "<group>";
		};
		8419742B1F6DDE84006346C4 /* LocalAccount */ = {
			isa = PBXGroup;
			children = (
				8419742C1F6DDE84006346C4 /* LocalAccountDelegate.swift */,
				8419742D1F6DDE96006346C4 /* LocalAccountRefresher.swift */,
				5165D73022837F3400D9D53D /* InitialFeedDownloader.swift */,
			);
			path = LocalAccount;
			sourceTree = "<group>";
		};
		84245C7D1FDDD2580074AFBB /* Feedbin */ = {
			isa = PBXGroup;
			children = (
				5144EA4D227B829A00D19003 /* FeedbinAccountDelegate.swift */,
				5144EA48227B497600D19003 /* FeedbinAPICaller.swift */,
				51E490352288C37100C791F0 /* FeedbinDate.swift */,
				84CAD7151FDF2E22000F0755 /* FeedbinEntry.swift */,
				5133230F22810E5700C30F19 /* FeedbinIcon.swift */,
				5154367A228EEB28005E1CDF /* FeedbinImportResult.swift */,
				51E5959A228C781500FCC42B /* FeedbinStarredEntry.swift */,
				84245C841FDDD8CB0074AFBB /* FeedbinSubscription.swift */,
				51D58754227F53BE00900287 /* FeedbinTag.swift */,
				84D09622217418DC00D77525 /* FeedbinTagging.swift */,
				51E59598228C77BC00FCC42B /* FeedbinUnreadEntry.swift */,
			);
			path = Feedbin;
			sourceTree = "<group>";
		};
		8469F80F1F6DC3C10084783E /* Frameworks */ = {
			isa = PBXGroup;
			children = (
				84EAC4812148CC6300F154AB /* RSDatabase.framework */,
				844B2980210CE3BF004020B3 /* RSWeb.framework */,
				841D4D712106B40A00DD04E6 /* Articles.framework */,
				841D4D6F2106B40400DD04E6 /* ArticlesDatabase.framework */,
				841973F41F6DD1AC006346C4 /* RSParser.xcodeproj */,
				841973E81F6DD19E006346C4 /* RSCore.xcodeproj */,
			);
			name = Frameworks;
			sourceTree = "<group>";
		};
		848934EC1F62484F00CEBD24 = {
			isa = PBXGroup;
			children = (
				848935101F62486800CEBD24 /* Account.swift */,
				841974241F6DDCE4006346C4 /* AccountDelegate.swift */,
				51E3EB40229AF61B00645299 /* AccountError.swift */,
				846E77531F6F00E300A165E2 /* AccountManager.swift */,
				84AF4EA3222CFDD100F6A800 /* AccountMetadata.swift */,
				84F73CF0202788D80000BCEF /* ArticleFetcher.swift */,
				84C365491F899F3B001EC85C /* CombinedRefreshProgress.swift */,
				8419740D1F6DD25F006346C4 /* Container.swift */,
				84B99C9E1FAE8D3200ECDEDB /* ContainerPath.swift */,
				84C8B3F31F89DE430053CCA6 /* DataExtensions.swift */,
				844B297C2106C7EC004020B3 /* Feed.swift */,
				84B2D4CE2238C13D00498ADA /* FeedMetadata.swift */,
				841974001F6DD1EC006346C4 /* Folder.swift */,
				844B297E210CE37E004020B3 /* UnreadCountProvider.swift */,
				5165D71F22835E9800D9D53D /* FeedFinder */,
				8419742B1F6DDE84006346C4 /* LocalAccount */,
				84245C7D1FDDD2580074AFBB /* Feedbin */,
				552032EA229D5D5A009559E0 /* ReaderAPI */,
				848935031F62484F00CEBD24 /* AccountTests */,
				848934F71F62484F00CEBD24 /* Products */,
				8469F80F1F6DC3C10084783E /* Frameworks */,
				D511EEB4202422BB00712EC3 /* xcconfig */,
				848934FA1F62484F00CEBD24 /* Info.plist */,
			);
			sourceTree = "<group>";
			usesTabs = 1;
		};
		848934F71F62484F00CEBD24 /* Products */ = {
			isa = PBXGroup;
			children = (
				848934F61F62484F00CEBD24 /* Account.framework */,
				848934FF1F62484F00CEBD24 /* AccountTests.xctest */,
			);
			name = Products;
			sourceTree = "<group>";
		};
		848935031F62484F00CEBD24 /* AccountTests */ = {
			isa = PBXGroup;
			children = (
				5107A098227DE42E00C7C3C5 /* AccountCredentialsTest.swift */,
				51D5875D227F643C00900287 /* AccountFolderSyncTest.swift */,
				513323072281070C00C30F19 /* AccountFeedSyncTest.swift */,
				5165D7112282080C00D9D53D /* AccountFolderContentsSyncTest.swift */,
				5107A09C227DE77700C7C3C5 /* TestTransport.swift */,
				5107A09A227DE49500C7C3C5 /* TestAccountManager.swift */,
				51D58756227F62E300900287 /* JSON */,
				848935061F62485000CEBD24 /* Info.plist */,
			);
			path = AccountTests;
			sourceTree = "<group>";
		};
		D511EEB4202422BB00712EC3 /* xcconfig */ = {
			isa = PBXGroup;
			children = (
				D511EEB8202422BB00712EC3 /* Account_project.xcconfig */,
				D511EEB5202422BB00712EC3 /* Account_project_debug.xcconfig */,
				D511EEB7202422BB00712EC3 /* Account_project_release.xcconfig */,
				D511EEB6202422BB00712EC3 /* Account_target.xcconfig */,
				D511EEB9202422BB00712EC3 /* Accounttests_target.xcconfig */,
			);
			path = xcconfig;
			sourceTree = "<group>";
		};
/* End PBXGroup section */

/* Begin PBXHeadersBuildPhase section */
		848934F31F62484F00CEBD24 /* Headers */ = {
			isa = PBXHeadersBuildPhase;
			buildActionMask = 2147483647;
			files = (
			);
			runOnlyForDeploymentPostprocessing = 0;
		};
/* End PBXHeadersBuildPhase section */

/* Begin PBXNativeTarget section */
		848934F51F62484F00CEBD24 /* Account */ = {
			isa = PBXNativeTarget;
			buildConfigurationList = 8489350A1F62485000CEBD24 /* Build configuration list for PBXNativeTarget "Account" */;
			buildPhases = (
				848934F11F62484F00CEBD24 /* Sources */,
				848934F21F62484F00CEBD24 /* Frameworks */,
				848934F31F62484F00CEBD24 /* Headers */,
				848934F41F62484F00CEBD24 /* Resources */,
			);
			buildRules = (
			);
			dependencies = (
			);
			name = Account;
			productName = Account;
			productReference = 848934F61F62484F00CEBD24 /* Account.framework */;
			productType = "com.apple.product-type.framework";
		};
		848934FE1F62484F00CEBD24 /* AccountTests */ = {
			isa = PBXNativeTarget;
			buildConfigurationList = 8489350D1F62485000CEBD24 /* Build configuration list for PBXNativeTarget "AccountTests" */;
			buildPhases = (
				848934FB1F62484F00CEBD24 /* Sources */,
				848934FC1F62484F00CEBD24 /* Frameworks */,
				848934FD1F62484F00CEBD24 /* Resources */,
			);
			buildRules = (
			);
			dependencies = (
				848935021F62484F00CEBD24 /* PBXTargetDependency */,
			);
			name = AccountTests;
			productName = AccountTests;
			productReference = 848934FF1F62484F00CEBD24 /* AccountTests.xctest */;
			productType = "com.apple.product-type.bundle.unit-test";
		};
/* End PBXNativeTarget section */

/* Begin PBXProject section */
		848934ED1F62484F00CEBD24 /* Project object */ = {
			isa = PBXProject;
			attributes = {
				LastSwiftUpdateCheck = 0900;
				LastUpgradeCheck = 0930;
				ORGANIZATIONNAME = "Ranchero Software, LLC";
				TargetAttributes = {
					848934F51F62484F00CEBD24 = {
						CreatedOnToolsVersion = 9.0;
						LastSwiftMigration = 0900;
						ProvisioningStyle = Automatic;
					};
					848934FE1F62484F00CEBD24 = {
						CreatedOnToolsVersion = 9.0;
						ProvisioningStyle = Automatic;
					};
				};
			};
			buildConfigurationList = 848934F01F62484F00CEBD24 /* Build configuration list for PBXProject "Account" */;
			compatibilityVersion = "Xcode 8.0";
			developmentRegion = en;
			hasScannedForEncodings = 0;
			knownRegions = (
				en,
			);
			mainGroup = 848934EC1F62484F00CEBD24;
			productRefGroup = 848934F71F62484F00CEBD24 /* Products */;
			projectDirPath = "";
			projectReferences = (
				{
					ProductGroup = 841973E91F6DD19E006346C4 /* Products */;
					ProjectRef = 841973E81F6DD19E006346C4 /* RSCore.xcodeproj */;
				},
				{
					ProductGroup = 841973F51F6DD1AC006346C4 /* Products */;
					ProjectRef = 841973F41F6DD1AC006346C4 /* RSParser.xcodeproj */;
				},
			);
			projectRoot = "";
			targets = (
				848934F51F62484F00CEBD24 /* Account */,
				848934FE1F62484F00CEBD24 /* AccountTests */,
			);
		};
/* End PBXProject section */

/* Begin PBXReferenceProxy section */
		841973EF1F6DD19E006346C4 /* RSCore.framework */ = {
			isa = PBXReferenceProxy;
			fileType = wrapper.framework;
			path = RSCore.framework;
			remoteRef = 841973EE1F6DD19E006346C4 /* PBXContainerItemProxy */;
			sourceTree = BUILT_PRODUCTS_DIR;
		};
		841973F11F6DD19E006346C4 /* RSCoreTests.xctest */ = {
			isa = PBXReferenceProxy;
			fileType = wrapper.cfbundle;
			path = RSCoreTests.xctest;
			remoteRef = 841973F01F6DD19E006346C4 /* PBXContainerItemProxy */;
			sourceTree = BUILT_PRODUCTS_DIR;
		};
		841973F31F6DD19E006346C4 /* RSCore.framework */ = {
			isa = PBXReferenceProxy;
			fileType = wrapper.framework;
			path = RSCore.framework;
			remoteRef = 841973F21F6DD19E006346C4 /* PBXContainerItemProxy */;
			sourceTree = BUILT_PRODUCTS_DIR;
		};
		841973FA1F6DD1AC006346C4 /* RSParser.framework */ = {
			isa = PBXReferenceProxy;
			fileType = wrapper.framework;
			path = RSParser.framework;
			remoteRef = 841973F91F6DD1AC006346C4 /* PBXContainerItemProxy */;
			sourceTree = BUILT_PRODUCTS_DIR;
		};
		841973FC1F6DD1AC006346C4 /* RSParserTests.xctest */ = {
			isa = PBXReferenceProxy;
			fileType = wrapper.cfbundle;
			path = RSParserTests.xctest;
			remoteRef = 841973FB1F6DD1AC006346C4 /* PBXContainerItemProxy */;
			sourceTree = BUILT_PRODUCTS_DIR;
		};
/* End PBXReferenceProxy section */

/* Begin PBXResourcesBuildPhase section */
		848934F41F62484F00CEBD24 /* Resources */ = {
			isa = PBXResourcesBuildPhase;
			buildActionMask = 2147483647;
			files = (
			);
			runOnlyForDeploymentPostprocessing = 0;
		};
		848934FD1F62484F00CEBD24 /* Resources */ = {
			isa = PBXResourcesBuildPhase;
			buildActionMask = 2147483647;
			files = (
				5165D71822821C2400D9D53D /* taggings_initial.json in Resources */,
				5133230E2281089500C30F19 /* icons.json in Resources */,
				51D5875B227F630B00900287 /* tags_add.json in Resources */,
				5133230C2281088A00C30F19 /* subscriptions_add.json in Resources */,
				51D5875C227F630B00900287 /* tags_initial.json in Resources */,
				51D5875A227F630B00900287 /* tags_delete.json in Resources */,
				5165D71722821C2400D9D53D /* taggings_add.json in Resources */,
				5165D71622821C2400D9D53D /* taggings_delete.json in Resources */,
				5133230A2281082F00C30F19 /* subscriptions_initial.json in Resources */,
			);
			runOnlyForDeploymentPostprocessing = 0;
		};
/* End PBXResourcesBuildPhase section */

/* Begin PBXSourcesBuildPhase section */
		848934F11F62484F00CEBD24 /* Sources */ = {
			isa = PBXSourcesBuildPhase;
			buildActionMask = 2147483647;
			files = (
				84C8B3F41F89DE430053CCA6 /* DataExtensions.swift in Sources */,
				552032F9229D5D5A009559E0 /* ReaderAPISubscription.swift in Sources */,
				84C3654A1F899F3B001EC85C /* CombinedRefreshProgress.swift in Sources */,
				8469F81C1F6DD15E0084783E /* Account.swift in Sources */,
				5144EA4E227B829A00D19003 /* FeedbinAccountDelegate.swift in Sources */,
				51E5959B228C781500FCC42B /* FeedbinStarredEntry.swift in Sources */,
				846E77451F6EF9B900A165E2 /* Container.swift in Sources */,
				552032FD229D5D5A009559E0 /* ReaderAPITagging.swift in Sources */,
				84F73CF1202788D90000BCEF /* ArticleFetcher.swift in Sources */,
				841974251F6DDCE4006346C4 /* AccountDelegate.swift in Sources */,
				5165D73122837F3400D9D53D /* InitialFeedDownloader.swift in Sources */,
				846E77541F6F00E300A165E2 /* AccountManager.swift in Sources */,
				51E490362288C37100C791F0 /* FeedbinDate.swift in Sources */,
				5165D72922835F7A00D9D53D /* FeedSpecifier.swift in Sources */,
				844B297D2106C7EC004020B3 /* Feed.swift in Sources */,
				5154367B228EEB28005E1CDF /* FeedbinImportResult.swift in Sources */,
				84B2D4D02238CD8A00498ADA /* FeedMetadata.swift in Sources */,
				5144EA49227B497600D19003 /* FeedbinAPICaller.swift in Sources */,
				84B99C9F1FAE8D3200ECDEDB /* ContainerPath.swift in Sources */,
				5133231122810EB200C30F19 /* FeedbinIcon.swift in Sources */,
				846E77501F6EF9C400A165E2 /* LocalAccountRefresher.swift in Sources */,
				55203300229D5D5A009559E0 /* ReaderAPICaller.swift in Sources */,
				51E3EB41229AF61B00645299 /* AccountError.swift in Sources */,
				51E59599228C77BC00FCC42B /* FeedbinUnreadEntry.swift in Sources */,
				552032F8229D5D5A009559E0 /* ReaderAPIEntry.swift in Sources */,
				552032FB229D5D5A009559E0 /* ReaderAPITag.swift in Sources */,
				5165D72822835F7800D9D53D /* FeedFinder.swift in Sources */,
				51D58755227F53BE00900287 /* FeedbinTag.swift in Sources */,
				552032FE229D5D5A009559E0 /* ReaderAPIAccountDelegate.swift in Sources */,
				552032FC229D5D5A009559E0 /* ReaderAPIUnreadEntry.swift in Sources */,
				84D09623217418DC00D77525 /* FeedbinTagging.swift in Sources */,
				84CAD7161FDF2E22000F0755 /* FeedbinEntry.swift in Sources */,
				5165D72A22835F7D00D9D53D /* HTMLFeedFinder.swift in Sources */,
				841974011F6DD1EC006346C4 /* Folder.swift in Sources */,
				846E774F1F6EF9C000A165E2 /* LocalAccountDelegate.swift in Sources */,
				844B297F210CE37E004020B3 /* UnreadCountProvider.swift in Sources */,
				84F1F06E2243524700DA0616 /* AccountMetadata.swift in Sources */,
				84245C851FDDD8CB0074AFBB /* FeedbinSubscription.swift in Sources */,
			);
			runOnlyForDeploymentPostprocessing = 0;
		};
		848934FB1F62484F00CEBD24 /* Sources */ = {
			isa = PBXSourcesBuildPhase;
			buildActionMask = 2147483647;
			files = (
				5165D7122282080C00D9D53D /* AccountFolderContentsSyncTest.swift in Sources */,
				51D5875E227F643C00900287 /* AccountFolderSyncTest.swift in Sources */,
				5107A09B227DE49500C7C3C5 /* TestAccountManager.swift in Sources */,
				513323082281070D00C30F19 /* AccountFeedSyncTest.swift in Sources */,
				5107A09D227DE77700C7C3C5 /* TestTransport.swift in Sources */,
				5107A099227DE42E00C7C3C5 /* AccountCredentialsTest.swift in Sources */,
			);
			runOnlyForDeploymentPostprocessing = 0;
		};
/* End PBXSourcesBuildPhase section */

/* Begin PBXTargetDependency section */
		848935021F62484F00CEBD24 /* PBXTargetDependency */ = {
			isa = PBXTargetDependency;
			target = 848934F51F62484F00CEBD24 /* Account */;
			targetProxy = 848935011F62484F00CEBD24 /* PBXContainerItemProxy */;
		};
/* End PBXTargetDependency section */

/* Begin XCBuildConfiguration section */
		848935081F62485000CEBD24 /* Debug */ = {
			isa = XCBuildConfiguration;
			baseConfigurationReference = D511EEB5202422BB00712EC3 /* Account_project_debug.xcconfig */;
			buildSettings = {
				CURRENT_PROJECT_VERSION = 1;
				SUPPORTED_PLATFORMS = "macosx iphonesimulator iphoneos";
			};
			name = Debug;
		};
		848935091F62485000CEBD24 /* Release */ = {
			isa = XCBuildConfiguration;
			baseConfigurationReference = D511EEB7202422BB00712EC3 /* Account_project_release.xcconfig */;
			buildSettings = {
				CURRENT_PROJECT_VERSION = 1;
				SUPPORTED_PLATFORMS = "macosx iphonesimulator iphoneos";
			};
			name = Release;
		};
		8489350B1F62485000CEBD24 /* Debug */ = {
			isa = XCBuildConfiguration;
			baseConfigurationReference = D511EEB6202422BB00712EC3 /* Account_target.xcconfig */;
			buildSettings = {
				CODE_SIGN_IDENTITY = "";
			};
			name = Debug;
		};
		8489350C1F62485000CEBD24 /* Release */ = {
			isa = XCBuildConfiguration;
			baseConfigurationReference = D511EEB6202422BB00712EC3 /* Account_target.xcconfig */;
			buildSettings = {
				CODE_SIGN_IDENTITY = "";
			};
			name = Release;
		};
		8489350E1F62485000CEBD24 /* Debug */ = {
			isa = XCBuildConfiguration;
			baseConfigurationReference = D511EEB9202422BB00712EC3 /* Accounttests_target.xcconfig */;
			buildSettings = {
			};
			name = Debug;
		};
		8489350F1F62485000CEBD24 /* Release */ = {
			isa = XCBuildConfiguration;
			baseConfigurationReference = D511EEB9202422BB00712EC3 /* Accounttests_target.xcconfig */;
			buildSettings = {
			};
			name = Release;
		};
/* End XCBuildConfiguration section */

/* Begin XCConfigurationList section */
		848934F01F62484F00CEBD24 /* Build configuration list for PBXProject "Account" */ = {
			isa = XCConfigurationList;
			buildConfigurations = (
				848935081F62485000CEBD24 /* Debug */,
				848935091F62485000CEBD24 /* Release */,
			);
			defaultConfigurationIsVisible = 0;
			defaultConfigurationName = Release;
		};
		8489350A1F62485000CEBD24 /* Build configuration list for PBXNativeTarget "Account" */ = {
			isa = XCConfigurationList;
			buildConfigurations = (
				8489350B1F62485000CEBD24 /* Debug */,
				8489350C1F62485000CEBD24 /* Release */,
			);
			defaultConfigurationIsVisible = 0;
			defaultConfigurationName = Release;
		};
		8489350D1F62485000CEBD24 /* Build configuration list for PBXNativeTarget "AccountTests" */ = {
			isa = XCConfigurationList;
			buildConfigurations = (
				8489350E1F62485000CEBD24 /* Debug */,
				8489350F1F62485000CEBD24 /* Release */,
			);
			defaultConfigurationIsVisible = 0;
			defaultConfigurationName = Release;
		};
/* End XCConfigurationList section */
	};
	rootObject = 848934ED1F62484F00CEBD24 /* Project object */;
}
