{
  "object": {
    "pins": [
      {
        "package": "PLCrashReporter",
        "repositoryURL": "https://github.com/microsoft/plcrashreporter.git",
        "state": {
          "branch": null,
          "revision": "6b27393cad517c067dceea85fadf050e70c4ceaa",
          "version": "1.10.1"
        }
      },
      {
        "package": "RSParser",
        "repositoryURL": "https://github.com/Ranchero-Software/RSParser.git",
        "state": {
          "branch": null,
          "revision": "d5b50ff78905ebfaf26dd698e0e5d3ed8269dd9b",
          "version": "2.0.3"
        }
      },
      {
        "package": "RSSparkle",
        "repositoryURL": "https://github.com/Ranchero-Software/Sparkle-Binary.git",
        "state": {
          "branch": null,
          "revision": "d1a8b3c98d96c601453f2e4230f1dd65b60d0581",
          "version": "2.0.1"
        }
      },
      {
        "package": "Zip",
        "repositoryURL": "https://github.com/marmelroy/Zip.git",
        "state": {
          "branch": null,
          "revision": "059e7346082d02de16220cd79df7db18ddeba8c3",
          "version": null
        }
      }
    ]
  },
  "version": 1
}
