{
  "pins" : [
    {
      "identity" : "plcrashreporter",
      "kind" : "remoteSourceControl",
      "location" : "https://github.com/microsoft/plcrashreporter.git",
      "state" : {
        "revision" : "b1a342da19ed9b3af61ea2efa7656c2af30aeb7c",
        "version" : "1.11.0"
      }
    },
    {
      "identity" : "rscore",
      "kind" : "remoteSourceControl",
      "location" : "https://github.com/Ranchero-Software/RSCore.git",
      "state" : {
        "revision" : "cee6d96e036cc4ad08ad5f79364f87f9c291c43c",
        "version" : "3.0.0"
      }
    },
    {
      "identity" : "rsdatabase",
      "kind" : "remoteSourceControl",
      "location" : "https://github.com/Ranchero-Software/RSDatabase.git",
      "state" : {
        "revision" : "17950e2c5c278f72f180d69f1ab9602e434b5ec4",
        "version" : "2.0.0"
      }
    },
    {
      "identity" : "rsparser",
      "kind" : "remoteSourceControl",
      "location" : "https://github.com/Ranchero-Software/RSParser.git",
      "state" : {
        "revision" : "d5b50ff78905ebfaf26dd698e0e5d3ed8269dd9b",
        "version" : "2.0.3"
      }
    },
    {
      "identity" : "rstree",
      "kind" : "remoteSourceControl",
      "location" : "https://github.com/Ranchero-Software/RSTree.git",
      "state" : {
        "revision" : "9d051f42cfc4faa991fd79cdb32e4cc8c545e334",
        "version" : "1.0.0"
      }
    },
    {
      "identity" : "rsweb",
      "kind" : "remoteSourceControl",
      "location" : "https://github.com/Ranchero-Software/RSWeb.git",
      "state" : {
        "revision" : "c8d6212b08ae86142105e828fda391a6503a2ea7",
        "version" : "1.0.6"
      }
    },
    {
      "identity" : "sparkle-binary",
      "kind" : "remoteSourceControl",
      "location" : "https://github.com/Ranchero-Software/Sparkle-Binary.git",
      "state" : {
        "revision" : "d1a8b3c98d96c601453f2e4230f1dd65b60d0581",
        "version" : "2.0.1"
      }
    },
    {
      "identity" : "swift-html",
      "kind" : "remoteSourceControl",
      "location" : "https://github.com/pointfreeco/swift-html.git",
      "state" : {
        "revision" : "f53c38c4b841841f36afa1866093c908cadaa736",
        "version" : "0.4.0"
      }
    },
    {
      "identity" : "swift-snapshot-testing",
      "kind" : "remoteSourceControl",
      "location" : "https://github.com/pointfreeco/swift-snapshot-testing.git",
      "state" : {
        "revision" : "cef5b3f6f11781dd4591bdd1dd0a3d22bd609334",
        "version" : "1.11.0"
      }
    },
    {
      "identity" : "zip",
      "kind" : "remoteSourceControl",
      "location" : "https://github.com/marmelroy/Zip.git",
      "state" : {
        "revision" : "059e7346082d02de16220cd79df7db18ddeba8c3"
      }
    }
  ],
  "version" : 2
}
