{
  "object": {
    "pins": [
      {
        "package": "BrightFutures",
        "repositoryURL": "https://github.com/Thomvis/BrightFutures.git",
        "state": {
          "branch": null,
          "revision": "9279defa6bdc21501ce740266e5a14d0119ddc63",
          "version": "8.0.1"
        }
      },
      {
        "package": "Erik",
        "repositoryURL": "https://github.com/phimage/Erik.git",
        "state": {
          "branch": null,
          "revision": "109a130e9cdb00789a43a7a625293eeb12d22989",
          "version": "5.1.0"
        }
      },
      {
        "package": "FileKit",
        "repositoryURL": "https://github.com/nvzqz/FileKit.git",
        "state": {
          "branch": null,
          "revision": "826d9161b184509f80d85c28cd612d630646de98",
          "version": "6.0.0"
        }
      },
      {
        "package": "Kanna",
        "repositoryURL": "https://github.com/tid-kijyun/Kanna.git",
        "state": {
          "branch": null,
          "revision": "4a80ebe93b6966d5083394fcaaaff57a2fcec935",
          "version": "5.2.3"
        }
      },
      {
        "package": "OAuthSwift",
        "repositoryURL": "https://github.com/OAuthSwift/OAuthSwift.git",
        "state": {
          "branch": null,
          "revision": "fde77955e6983fbfaabd491709d52b8a82fda4d0",
          "version": "2.1.2"
        }
      },
      {
        "package": "RSCore",
        "repositoryURL": "https://github.com/Ranchero-Software/RSCore.git",
        "state": {
          "branch": null,
          "revision": "3aa7710dda2b540834c05b9bb544a93e1166e25e",
          "version": "1.0.0-beta5"
        }
      },
      {
        "package": "RSDatabase",
        "repositoryURL": "https://github.com/Ranchero-Software/RSDatabase.git",
        "state": {
          "branch": null,
          "revision": "3aa706f3adfc0b798a2b69cf536461c39db4d269",
          "version": "1.0.0-beta1"
        }
      },
      {
        "package": "RSParser",
        "repositoryURL": "https://github.com/Ranchero-Software/RSParser.git",
        "state": {
          "branch": null,
          "revision": "a4467cb6ab32d67fa8b09fcef8b234c7f96b7f9c",
          "version": "2.0.0-beta3"
        }
      },
      {
        "package": "RSTree",
        "repositoryURL": "https://github.com/Ranchero-Software/RSTree.git",
        "state": {
          "branch": null,
          "revision": "979ed0eb610b6d95dc7adcf4620bd44205f512a6",
          "version": "1.0.0-beta1"
        }
      },
      {
        "package": "RSWeb",
        "repositoryURL": "https://github.com/Ranchero-Software/RSWeb.git",
        "state": {
          "branch": null,
          "revision": "f4a5788bc0d1e6e75dac08a338298f80edb9d29a",
          "version": "1.0.0-beta8"
        }
      },
      {
        "package": "RSSparkle",
        "repositoryURL": "https://github.com/Ranchero-Software/Sparkle-Binary.git",
        "state": {
          "branch": "main",
          "revision": "6b6d1d4b4864af7b56dd6f2ba148d752724e80d7",
          "version": null
        }
      },
      {
        "package": "Swifter",
        "repositoryURL": "https://github.com/httpswift/swifter.git",
        "state": {
          "branch": null,
          "revision": "9483a5d459b45c3ffd059f7b55f9638e268632fd",
          "version": "1.5.0"
        }
      }
    ]
  },
  "version": 1
}
